// !$*UTF8*$!
{
	archiveVersion = 1;
	classes = {
	};
	objectVersion = 46;
	objects = {

/* Begin PBXBuildFile section */
		030706D2130FCAD3009E6B08 /* RTBRuntime.m in Sources */ = {isa = PBXBuildFile; fileRef = 030706D1130FCAD2009E6B08 /* RTBRuntime.m */; };
		0308D7431AFA4DF1000CEC87 /* RTBMethod.m in Sources */ = {isa = PBXBuildFile; fileRef = 0308D7421AFA4DF1000CEC87 /* RTBMethod.m */; };
		0315C0320E47AB9F00DFB2F3 /* Keywords.plist in Resources */ = {isa = PBXBuildFile; fileRef = 0315C0310E47AB9F00DFB2F3 /* Keywords.plist */; };
		0315C2780E47D3A200DFB2F3 /* Defaults.plist in Resources */ = {isa = PBXBuildFile; fileRef = 0315C2770E47D3A200DFB2F3 /* Defaults.plist */; };
		033148A3131157A200695BB1 /* BrowserNode.m in Sources */ = {isa = PBXBuildFile; fileRef = 033148A2131157A200695BB1 /* BrowserNode.m */; };
		03314FCD131251A500695BB1 /* BrowserCell.m in Sources */ = {isa = PBXBuildFile; fileRef = 03314FCC131251A500695BB1 /* BrowserCell.m */; };
		0331C1FB1AE59C0B002A641E /* RTBRuntimeHeader.m in Sources */ = {isa = PBXBuildFile; fileRef = 0331C1F91AE59C0B002A641E /* RTBRuntimeHeader.m */; };
		0333858A131D9738002654D3 /* RuntimeBrowser.icns in Resources */ = {isa = PBXBuildFile; fileRef = 03338589131D9738002654D3 /* RuntimeBrowser.icns */; };
		03561DB40E4BA18A002FEBCD /* Credits.html in Resources */ = {isa = PBXBuildFile; fileRef = 03561DB30E4BA18A002FEBCD /* Credits.html */; };
		035A506D1B2390050042FBCB /* RTBTypeDecoder2.m in Sources */ = {isa = PBXBuildFile; fileRef = 035A506C1B2390050042FBCB /* RTBTypeDecoder2.m */; };
		0379BB80179D0B4000F4B8BF /* NSString+SyntaxColoring.m in Sources */ = {isa = PBXBuildFile; fileRef = 0379BB7F179D0B4000F4B8BF /* NSString+SyntaxColoring.m */; };
		0379BB86179D0BD200F4B8BF /* NSMutableAttributedString+RTB.m in Sources */ = {isa = PBXBuildFile; fileRef = 0379BB85179D0BD200F4B8BF /* NSMutableAttributedString+RTB.m */; };
		037EDADC1307102300298C79 /* RTBClass.m in Sources */ = {isa = PBXBuildFile; fileRef = 037EDADB1307102300298C79 /* RTBClass.m */; };
		03CAF3461AEAD7D100282C77 /* RTBProtocol.m in Sources */ = {isa = PBXBuildFile; fileRef = 03CAF3451AEAD7D100282C77 /* RTBProtocol.m */; };
		03D65AEE1B17C4A700E1D697 /* RTBTypeDecoder.m in Sources */ = {isa = PBXBuildFile; fileRef = 0331C1F71AE59C0B002A641E /* RTBTypeDecoder.m */; };
		03F830D81AEAF9C900425494 /* RuntimeBrowser.xib in Resources */ = {isa = PBXBuildFile; fileRef = 03F830D61AEAF9C900425494 /* RuntimeBrowser.xib */; };
		03F830DA1AEAFA3500425494 /* Images.xcassets in Resources */ = {isa = PBXBuildFile; fileRef = 03F830D91AEAFA3500425494 /* Images.xcassets */; };
		03F830DC1AEBD0AF00425494 /* protocol.tiff in Resources */ = {isa = PBXBuildFile; fileRef = 03F830DB1AEBD0AF00425494 /* protocol.tiff */; };
		5F3E071B13127B04001D2A1C /* class.tiff in Resources */ = {isa = PBXBuildFile; fileRef = 5F3E071713127B04001D2A1C /* class.tiff */; };
		5F3E071C13127B04001D2A1C /* class2.tiff in Resources */ = {isa = PBXBuildFile; fileRef = 5F3E071813127B04001D2A1C /* class2.tiff */; };
		5F3E071D13127B04001D2A1C /* framework.tiff in Resources */ = {isa = PBXBuildFile; fileRef = 5F3E071913127B04001D2A1C /* framework.tiff */; };
		5F3E071E13127B04001D2A1C /* h.tiff in Resources */ = {isa = PBXBuildFile; fileRef = 5F3E071A13127B04001D2A1C /* h.tiff */; };
		8D11072D0486CEB800E47090 /* main.m in Sources */ = {isa = PBXBuildFile; fileRef = 29B97316FDCFA39411CA2CEA /* main.m */; settings = {ATTRIBUTES = (); }; };
		8D11072F0486CEB800E47090 /* Cocoa.framework in Frameworks */ = {isa = PBXBuildFile; fileRef = 1058C7A1FEA54F0111CA2CBB /* Cocoa.framework */; };
		B736487D0E3FCD710053523F /* AppController.m in Sources */ = {isa = PBXBuildFile; fileRef = B73648730E3FCD710053523F /* AppController.m */; };
/* End PBXBuildFile section */

/* Begin PBXFileReference section */
		030706D0130FCAD2009E6B08 /* RTBRuntime.h */ = {isa = PBXFileReference; fileEncoding = 4; lastKnownFileType = sourcecode.c.h; path = RTBRuntime.h; sourceTree = "<group>"; };
		030706D1130FCAD2009E6B08 /* RTBRuntime.m */ = {isa = PBXFileReference; fileEncoding = 4; lastKnownFileType = sourcecode.c.objc; path = RTBRuntime.m; sourceTree = "<group>"; };
		0308D7411AFA4DF1000CEC87 /* RTBMethod.h */ = {isa = PBXFileReference; fileEncoding = 4; lastKnownFileType = sourcecode.c.h; path = RTBMethod.h; sourceTree = "<group>"; };
		0308D7421AFA4DF1000CEC87 /* RTBMethod.m */ = {isa = PBXFileReference; fileEncoding = 4; lastKnownFileType = sourcecode.c.objc; path = RTBMethod.m; sourceTree = "<group>"; };
		0315C0310E47AB9F00DFB2F3 /* Keywords.plist */ = {isa = PBXFileReference; fileEncoding = 4; lastKnownFileType = text.plist.xml; path = Keywords.plist; sourceTree = "<group>"; };
		0315C2770E47D3A200DFB2F3 /* Defaults.plist */ = {isa = PBXFileReference; fileEncoding = 4; lastKnownFileType = text.plist.xml; path = Defaults.plist; sourceTree = "<group>"; };
		033148A1131157A200695BB1 /* BrowserNode.h */ = {isa = PBXFileReference; fileEncoding = 4; lastKnownFileType = sourcecode.c.h; path = BrowserNode.h; sourceTree = "<group>"; };
		033148A2131157A200695BB1 /* BrowserNode.m */ = {isa = PBXFileReference; fileEncoding = 4; lastKnownFileType = sourcecode.c.objc; path = BrowserNode.m; sourceTree = "<group>"; };
		03314FCB131251A500695BB1 /* BrowserCell.h */ = {isa = PBXFileReference; fileEncoding = 4; lastKnownFileType = sourcecode.c.h; path = BrowserCell.h; sourceTree = "<group>"; };
		03314FCC131251A500695BB1 /* BrowserCell.m */ = {isa = PBXFileReference; fileEncoding = 4; lastKnownFileType = sourcecode.c.objc; path = BrowserCell.m; sourceTree = "<group>"; };
		0331C1F61AE59C0B002A641E /* RTBTypeDecoder.h */ = {isa = PBXFileReference; fileEncoding = 4; lastKnownFileType = sourcecode.c.h; path = RTBTypeDecoder.h; sourceTree = "<group>"; };
		0331C1F71AE59C0B002A641E /* RTBTypeDecoder.m */ = {isa = PBXFileReference; fileEncoding = 4; lastKnownFileType = sourcecode.c.objc; path = RTBTypeDecoder.m; sourceTree = "<group>"; };
		0331C1F81AE59C0B002A641E /* RTBRuntimeHeader.h */ = {isa = PBXFileReference; fileEncoding = 4; lastKnownFileType = sourcecode.c.h; path = RTBRuntimeHeader.h; sourceTree = "<group>"; };
		0331C1F91AE59C0B002A641E /* RTBRuntimeHeader.m */ = {isa = PBXFileReference; fileEncoding = 4; lastKnownFileType = sourcecode.c.objc; path = RTBRuntimeHeader.m; sourceTree = "<group>"; };
		03338589131D9738002654D3 /* RuntimeBrowser.icns */ = {isa = PBXFileReference; lastKnownFileType = image.icns; path = RuntimeBrowser.icns; sourceTree = "<group>"; };
		033C39A41B068639004A3E41 /* AAA.h */ = {isa = PBXFileReference; fileEncoding = 4; lastKnownFileType = sourcecode.c.h; name = AAA.h; path = ../iOS/AAA.h; sourceTree = "<group>"; };
		033C39A51B068639004A3E41 /* AAA.m */ = {isa = PBXFileReference; fileEncoding = 4; lastKnownFileType = sourcecode.c.objc; name = AAA.m; path = ../iOS/AAA.m; sourceTree = "<group>"; };
		033C39A61B068639004A3E41 /* BBB.h */ = {isa = PBXFileReference; fileEncoding = 4; lastKnownFileType = sourcecode.c.h; name = BBB.h; path = ../iOS/BBB.h; sourceTree = "<group>"; };
		033C39A71B068639004A3E41 /* BBB.m */ = {isa = PBXFileReference; fileEncoding = 4; lastKnownFileType = sourcecode.c.objc; name = BBB.m; path = ../iOS/BBB.m; sourceTree = "<group>"; };
		03561DB30E4BA18A002FEBCD /* Credits.html */ = {isa = PBXFileReference; fileEncoding = 4; lastKnownFileType = text.html; path = Credits.html; sourceTree = "<group>"; };
		035A506B1B2390050042FBCB /* RTBTypeDecoder2.h */ = {isa = PBXFileReference; fileEncoding = 4; lastKnownFileType = sourcecode.c.h; path = RTBTypeDecoder2.h; sourceTree = "<group>"; };
		035A506C1B2390050042FBCB /* RTBTypeDecoder2.m */ = {isa = PBXFileReference; fileEncoding = 4; lastKnownFileType = sourcecode.c.objc; path = RTBTypeDecoder2.m; sourceTree = "<group>"; };
		0379BB7E179D0B4000F4B8BF /* NSString+SyntaxColoring.h */ = {isa = PBXFileReference; fileEncoding = 4; lastKnownFileType = sourcecode.c.h; path = "NSString+SyntaxColoring.h"; sourceTree = "<group>"; };
		0379BB7F179D0B4000F4B8BF /* NSString+SyntaxColoring.m */ = {isa = PBXFileReference; fileEncoding = 4; lastKnownFileType = sourcecode.c.objc; path = "NSString+SyntaxColoring.m"; sourceTree = "<group>"; };
		0379BB84179D0BD200F4B8BF /* NSMutableAttributedString+RTB.h */ = {isa = PBXFileReference; fileEncoding = 4; lastKnownFileType = sourcecode.c.h; path = "NSMutableAttributedString+RTB.h"; sourceTree = "<group>"; };
		0379BB85179D0BD200F4B8BF /* NSMutableAttributedString+RTB.m */ = {isa = PBXFileReference; fileEncoding = 4; lastKnownFileType = sourcecode.c.objc; path = "NSMutableAttributedString+RTB.m"; sourceTree = "<group>"; };
		037EDADA1307102300298C79 /* RTBClass.h */ = {isa = PBXFileReference; fileEncoding = 4; lastKnownFileType = sourcecode.c.h; path = RTBClass.h; sourceTree = "<group>"; };
		037EDADB1307102300298C79 /* RTBClass.m */ = {isa = PBXFileReference; fileEncoding = 4; lastKnownFileType = sourcecode.c.objc; path = RTBClass.m; sourceTree = "<group>"; };
		03CAF3441AEAD7D100282C77 /* RTBProtocol.h */ = {isa = PBXFileReference; fileEncoding = 4; lastKnownFileType = sourcecode.c.h; path = RTBProtocol.h; sourceTree = "<group>"; };
		03CAF3451AEAD7D100282C77 /* RTBProtocol.m */ = {isa = PBXFileReference; fileEncoding = 4; lastKnownFileType = sourcecode.c.objc; path = RTBProtocol.m; sourceTree = "<group>"; };
		03F830D71AEAF9C900425494 /* English */ = {isa = PBXFileReference; lastKnownFileType = file.xib; name = English; path = English.lproj/RuntimeBrowser.xib; sourceTree = "<group>"; };
		03F830D91AEAFA3500425494 /* Images.xcassets */ = {isa = PBXFileReference; lastKnownFileType = folder.assetcatalog; name = Images.xcassets; path = RuntimeBrowser/Images.xcassets; sourceTree = "<group>"; };
		03F830DB1AEBD0AF00425494 /* protocol.tiff */ = {isa = PBXFileReference; lastKnownFileType = image.tiff; path = protocol.tiff; sourceTree = "<group>"; };
		089C165DFE840E0CC02AAC07 /* English */ = {isa = PBXFileReference; fileEncoding = 10; lastKnownFileType = text.plist.strings; name = English; path = English.lproj/InfoPlist.strings; sourceTree = "<group>"; };
		1058C7A1FEA54F0111CA2CBB /* Cocoa.framework */ = {isa = PBXFileReference; lastKnownFileType = wrapper.framework; name = Cocoa.framework; path = /System/Library/Frameworks/Cocoa.framework; sourceTree = "<absolute>"; };
		29B97316FDCFA39411CA2CEA /* main.m */ = {isa = PBXFileReference; fileEncoding = 4; lastKnownFileType = sourcecode.c.objc; path = main.m; sourceTree = "<group>"; };
		29B97324FDCFA39411CA2CEA /* AppKit.framework */ = {isa = PBXFileReference; lastKnownFileType = wrapper.framework; name = AppKit.framework; path = /System/Library/Frameworks/AppKit.framework; sourceTree = "<absolute>"; };
		29B97325FDCFA39411CA2CEA /* Foundation.framework */ = {isa = PBXFileReference; lastKnownFileType = wrapper.framework; name = Foundation.framework; path = /System/Library/Frameworks/Foundation.framework; sourceTree = "<absolute>"; };
		32CA4F630368D1EE00C91783 /* RuntimeBrowser_Prefix.pch */ = {isa = PBXFileReference; fileEncoding = 4; lastKnownFileType = sourcecode.c.h; path = RuntimeBrowser_Prefix.pch; sourceTree = "<group>"; };
		5F3E071713127B04001D2A1C /* class.tiff */ = {isa = PBXFileReference; lastKnownFileType = image.tiff; path = class.tiff; sourceTree = "<group>"; };
		5F3E071813127B04001D2A1C /* class2.tiff */ = {isa = PBXFileReference; lastKnownFileType = image.tiff; path = class2.tiff; sourceTree = "<group>"; };
		5F3E071913127B04001D2A1C /* framework.tiff */ = {isa = PBXFileReference; lastKnownFileType = image.tiff; path = framework.tiff; sourceTree = "<group>"; };
		5F3E071A13127B04001D2A1C /* h.tiff */ = {isa = PBXFileReference; lastKnownFileType = image.tiff; path = h.tiff; sourceTree = "<group>"; };
		8D1107310486CEB800E47090 /* Info.plist */ = {isa = PBXFileReference; fileEncoding = 4; lastKnownFileType = text.plist; path = Info.plist; sourceTree = "<group>"; };
		8D1107320486CEB800E47090 /* RuntimeBrowser.app */ = {isa = PBXFileReference; explicitFileType = wrapper.application; includeInIndex = 0; path = RuntimeBrowser.app; sourceTree = BUILT_PRODUCTS_DIR; };
		B73648720E3FCD710053523F /* AppController.h */ = {isa = PBXFileReference; fileEncoding = 30; lastKnownFileType = sourcecode.c.h; path = AppController.h; sourceTree = "<group>"; };
		B73648730E3FCD710053523F /* AppController.m */ = {isa = PBXFileReference; fileEncoding = 30; lastKnownFileType = sourcecode.c.objc; path = AppController.m; sourceTree = "<group>"; };
/* End PBXFileReference section */

/* Begin PBXFrameworksBuildPhase section */
		8D11072E0486CEB800E47090 /* Frameworks */ = {
			isa = PBXFrameworksBuildPhase;
			buildActionMask = 2147483647;
			files = (
				8D11072F0486CEB800E47090 /* Cocoa.framework in Frameworks */,
			);
			runOnlyForDeploymentPostprocessing = 0;
		};
/* End PBXFrameworksBuildPhase section */

/* Begin PBXGroup section */
		030F150A12DEE5D8000180B1 /* Model */ = {
			isa = PBXGroup;
			children = (
				033C39A41B068639004A3E41 /* AAA.h */,
				033C39A51B068639004A3E41 /* AAA.m */,
				033C39A61B068639004A3E41 /* BBB.h */,
				033C39A71B068639004A3E41 /* BBB.m */,
				0331C1F61AE59C0B002A641E /* RTBTypeDecoder.h */,
				0331C1F71AE59C0B002A641E /* RTBTypeDecoder.m */,
				035A506B1B2390050042FBCB /* RTBTypeDecoder2.h */,
				035A506C1B2390050042FBCB /* RTBTypeDecoder2.m */,
				0331C1F81AE59C0B002A641E /* RTBRuntimeHeader.h */,
				0331C1F91AE59C0B002A641E /* RTBRuntimeHeader.m */,
				030706D0130FCAD2009E6B08 /* RTBRuntime.h */,
				030706D1130FCAD2009E6B08 /* RTBRuntime.m */,
				037EDADA1307102300298C79 /* RTBClass.h */,
				037EDADB1307102300298C79 /* RTBClass.m */,
				03CAF3441AEAD7D100282C77 /* RTBProtocol.h */,
				03CAF3451AEAD7D100282C77 /* RTBProtocol.m */,
				0308D7411AFA4DF1000CEC87 /* RTBMethod.h */,
				0308D7421AFA4DF1000CEC87 /* RTBMethod.m */,
			);
			name = Model;
			path = ../model;
			sourceTree = SOURCE_ROOT;
		};
		0379BB7D179D0B4000F4B8BF /* UI */ = {
			isa = PBXGroup;
			children = (
				0379BB7E179D0B4000F4B8BF /* NSString+SyntaxColoring.h */,
				0379BB7F179D0B4000F4B8BF /* NSString+SyntaxColoring.m */,
				0379BB84179D0BD200F4B8BF /* NSMutableAttributedString+RTB.h */,
				0379BB85179D0BD200F4B8BF /* NSMutableAttributedString+RTB.m */,
			);
			name = UI;
			path = ../UI;
			sourceTree = "<group>";
		};
		080E96DDFE201D6D7F000001 /* Classes */ = {
			isa = PBXGroup;
			children = (
				033148A1131157A200695BB1 /* BrowserNode.h */,
				033148A2131157A200695BB1 /* BrowserNode.m */,
				03314FCB131251A500695BB1 /* BrowserCell.h */,
				03314FCC131251A500695BB1 /* BrowserCell.m */,
				B73648720E3FCD710053523F /* AppController.h */,
				B73648730E3FCD710053523F /* AppController.m */,
			);
			name = Classes;
			sourceTree = "<group>";
		};
		1058C7A0FEA54F0111CA2CBB /* Linked Frameworks */ = {
			isa = PBXGroup;
			children = (
				1058C7A1FEA54F0111CA2CBB /* Cocoa.framework */,
			);
			name = "Linked Frameworks";
			sourceTree = "<group>";
		};
		1058C7A2FEA54F0111CA2CBB /* Other Frameworks */ = {
			isa = PBXGroup;
			children = (
				29B97324FDCFA39411CA2CEA /* AppKit.framework */,
				29B97325FDCFA39411CA2CEA /* Foundation.framework */,
			);
			name = "Other Frameworks";
			sourceTree = "<group>";
		};
		19C28FACFE9D520D11CA2CBB /* Products */ = {
			isa = PBXGroup;
			children = (
				8D1107320486CEB800E47090 /* RuntimeBrowser.app */,
			);
			name = Products;
			sourceTree = "<group>";
		};
		29B97314FDCFA39411CA2CEA /* RuntimeBrowser */ = {
			isa = PBXGroup;
			children = (
				030F150A12DEE5D8000180B1 /* Model */,
				0379BB7D179D0B4000F4B8BF /* UI */,
				080E96DDFE201D6D7F000001 /* Classes */,
				29B97315FDCFA39411CA2CEA /* Other Sources */,
				29B97317FDCFA39411CA2CEA /* Resources */,
				29B97323FDCFA39411CA2CEA /* Frameworks */,
				19C28FACFE9D520D11CA2CBB /* Products */,
			);
			name = RuntimeBrowser;
			sourceTree = "<group>";
		};
		29B97315FDCFA39411CA2CEA /* Other Sources */ = {
			isa = PBXGroup;
			children = (
				32CA4F630368D1EE00C91783 /* RuntimeBrowser_Prefix.pch */,
				29B97316FDCFA39411CA2CEA /* main.m */,
			);
			name = "Other Sources";
			sourceTree = "<group>";
		};
		29B97317FDCFA39411CA2CEA /* Resources */ = {
			isa = PBXGroup;
			children = (
				03F830D91AEAFA3500425494 /* Images.xcassets */,
				5F3E071713127B04001D2A1C /* class.tiff */,
				5F3E071813127B04001D2A1C /* class2.tiff */,
				03F830DB1AEBD0AF00425494 /* protocol.tiff */,
				5F3E071913127B04001D2A1C /* framework.tiff */,
				5F3E071A13127B04001D2A1C /* h.tiff */,
				03F830D61AEAF9C900425494 /* RuntimeBrowser.xib */,
				03561DB30E4BA18A002FEBCD /* Credits.html */,
				03338589131D9738002654D3 /* RuntimeBrowser.icns */,
				8D1107310486CEB800E47090 /* Info.plist */,
				089C165CFE840E0CC02AAC07 /* InfoPlist.strings */,
				0315C0310E47AB9F00DFB2F3 /* Keywords.plist */,
				0315C2770E47D3A200DFB2F3 /* Defaults.plist */,
			);
			name = Resources;
			sourceTree = "<group>";
		};
		29B97323FDCFA39411CA2CEA /* Frameworks */ = {
			isa = PBXGroup;
			children = (
				1058C7A0FEA54F0111CA2CBB /* Linked Frameworks */,
				1058C7A2FEA54F0111CA2CBB /* Other Frameworks */,
			);
			name = Frameworks;
			sourceTree = "<group>";
		};
/* End PBXGroup section */

/* Begin PBXNativeTarget section */
		8D1107260486CEB800E47090 /* RuntimeBrowser */ = {
			isa = PBXNativeTarget;
			buildConfigurationList = B73648660E3FCD540053523F /* Build configuration list for PBXNativeTarget "RuntimeBrowser" */;
			buildPhases = (
				8D1107290486CEB800E47090 /* Resources */,
				8D11072C0486CEB800E47090 /* Sources */,
				8D11072E0486CEB800E47090 /* Frameworks */,
			);
			buildRules = (
			);
			dependencies = (
			);
			name = RuntimeBrowser;
			productInstallPath = "$(HOME)/Applications";
			productName = RuntimeBrowser;
			productReference = 8D1107320486CEB800E47090 /* RuntimeBrowser.app */;
			productType = "com.apple.product-type.application";
		};
/* End PBXNativeTarget section */

/* Begin PBXProject section */
		29B97313FDCFA39411CA2CEA /* Project object */ = {
			isa = PBXProject;
			attributes = {
			};
			buildConfigurationList = B736486A0E3FCD540053523F /* Build configuration list for PBXProject "RuntimeBrowser" */;
			compatibilityVersion = "Xcode 3.2";
			developmentRegion = English;
			hasScannedForEncodings = 1;
			knownRegions = (
				English,
				Japanese,
				French,
				German,
			);
			mainGroup = 29B97314FDCFA39411CA2CEA /* RuntimeBrowser */;
			projectDirPath = "";
			projectRoot = "";
			targets = (
				8D1107260486CEB800E47090 /* RuntimeBrowser */,
			);
		};
/* End PBXProject section */

/* Begin PBXResourcesBuildPhase section */
		8D1107290486CEB800E47090 /* Resources */ = {
			isa = PBXResourcesBuildPhase;
			buildActionMask = 2147483647;
			files = (
				03F830DC1AEBD0AF00425494 /* protocol.tiff in Resources */,
				0315C0320E47AB9F00DFB2F3 /* Keywords.plist in Resources */,
				03F830DA1AEAFA3500425494 /* Images.xcassets in Resources */,
				0315C2780E47D3A200DFB2F3 /* Defaults.plist in Resources */,
				03561DB40E4BA18A002FEBCD /* Credits.html in Resources */,
				5F3E071B13127B04001D2A1C /* class.tiff in Resources */,
				5F3E071C13127B04001D2A1C /* class2.tiff in Resources */,
				5F3E071D13127B04001D2A1C /* framework.tiff in Resources */,
				5F3E071E13127B04001D2A1C /* h.tiff in Resources */,
				0333858A131D9738002654D3 /* RuntimeBrowser.icns in Resources */,
				03F830D81AEAF9C900425494 /* RuntimeBrowser.xib in Resources */,
			);
			runOnlyForDeploymentPostprocessing = 0;
		};
/* End PBXResourcesBuildPhase section */

/* Begin PBXSourcesBuildPhase section */
		8D11072C0486CEB800E47090 /* Sources */ = {
			isa = PBXSourcesBuildPhase;
			buildActionMask = 2147483647;
			files = (
				0379BB86179D0BD200F4B8BF /* NSMutableAttributedString+RTB.m in Sources */,
				8D11072D0486CEB800E47090 /* main.m in Sources */,
				B736487D0E3FCD710053523F /* AppController.m in Sources */,
				03D65AEE1B17C4A700E1D697 /* RTBTypeDecoder.m in Sources */,
				035A506D1B2390050042FBCB /* RTBTypeDecoder2.m in Sources */,
				0379BB80179D0B4000F4B8BF /* NSString+SyntaxColoring.m in Sources */,
				037EDADC1307102300298C79 /* RTBClass.m in Sources */,
				030706D2130FCAD3009E6B08 /* RTBRuntime.m in Sources */,
				033148A3131157A200695BB1 /* BrowserNode.m in Sources */,
				03CAF3461AEAD7D100282C77 /* RTBProtocol.m in Sources */,
				0331C1FB1AE59C0B002A641E /* RTBRuntimeHeader.m in Sources */,
				03314FCD131251A500695BB1 /* BrowserCell.m in Sources */,
				0308D7431AFA4DF1000CEC87 /* RTBMethod.m in Sources */,
			);
			runOnlyForDeploymentPostprocessing = 0;
		};
/* End PBXSourcesBuildPhase section */

/* Begin PBXVariantGroup section */
		03F830D61AEAF9C900425494 /* RuntimeBrowser.xib */ = {
			isa = PBXVariantGroup;
			children = (
				03F830D71AEAF9C900425494 /* English */,
			);
			name = RuntimeBrowser.xib;
			sourceTree = "<group>";
		};
		089C165CFE840E0CC02AAC07 /* InfoPlist.strings */ = {
			isa = PBXVariantGroup;
			children = (
				089C165DFE840E0CC02AAC07 /* English */,
			);
			name = InfoPlist.strings;
			sourceTree = "<group>";
		};
/* End PBXVariantGroup section */

/* Begin XCBuildConfiguration section */
		5FC5A6B81327D86B0097CC0D /* Debug COVERAGE */ = {
			isa = XCBuildConfiguration;
			buildSettings = {
				ARCHS = "$(ARCHS_STANDARD_32_BIT)";
				CLANG_ENABLE_OBJC_ARC = YES;
				GCC_GENERATE_TEST_COVERAGE_FILES = YES;
				GCC_INSTRUMENT_PROGRAM_FLOW_ARCS = YES;
				GCC_VERSION = com.apple.compilers.llvm.clang.1_0;
				MACOSX_DEPLOYMENT_TARGET = 10.10;
				ONLY_ACTIVE_ARCH = YES;
				OTHER_CFLAGS = "-DDEBUG";
				OTHER_LDFLAGS = "-lgcov";
				PREBINDING = NO;
				SDKROOT = macosx;
				WARNING_CFLAGS = (
					"-Wall",
					"-Wunreachable-code",
				);
			};
			name = "Debug COVERAGE";
		};
		5FC5A6B91327D86B0097CC0D /* Debug COVERAGE */ = {
			isa = XCBuildConfiguration;
			buildSettings = {
				ALWAYS_SEARCH_USER_PATHS = NO;
				ARCHS = "$(ARCHS_STANDARD)";
				ASSETCATALOG_COMPILER_APPICON_NAME = AppIcon;
				CLANG_WARN_OBJC_IMPLICIT_RETAIN_SELF = YES;
				CLANG_WARN_OBJC_REPEATED_USE_OF_WEAK = YES;
				CODE_SIGN_IDENTITY = "";
				COPY_PHASE_STRIP = NO;
				CURRENT_PROJECT_VERSION = 0.995;
				GCC_DYNAMIC_NO_PIC = NO;
				GCC_ENABLE_FIX_AND_CONTINUE = YES;
				GCC_GENERATE_DEBUGGING_SYMBOLS = YES;
				GCC_OPTIMIZATION_LEVEL = 0;
				GCC_PRECOMPILE_PREFIX_HEADER = YES;
				GCC_PREFIX_HEADER = RuntimeBrowser_Prefix.pch;
				GCC_VERSION = "";
				GCC_WARN_ABOUT_RETURN_TYPE = YES;
				GCC_WARN_UNDECLARED_SELECTOR = YES;
				GCC_WARN_UNUSED_FUNCTION = YES;
				GCC_WARN_UNUSED_VARIABLE = YES;
				INFOPLIST_FILE = Info.plist;
				INSTALL_PATH = "$(HOME)/Applications";
				MACOSX_DEPLOYMENT_TARGET = 10.7;
				OTHER_LDFLAGS = (
					"-lgcov",
					"-licucore",
				);
				PREBINDING = NO;
				PRODUCT_BUNDLE_IDENTIFIER = ch.seriot.RuntimeBrowser;
				PRODUCT_NAME = RuntimeBrowser;
				PROVISIONING_PROFILE = "";
				SDKROOT = macosx;
				WRAPPER_EXTENSION = app;
				ZERO_LINK = YES;
			};
			name = "Debug COVERAGE";
		};
		B73648670E3FCD540053523F /* Debug */ = {
			isa = XCBuildConfiguration;
			buildSettings = {
				ALWAYS_SEARCH_USER_PATHS = NO;
				ARCHS = "$(ARCHS_STANDARD)";
				ASSETCATALOG_COMPILER_APPICON_NAME = AppIcon;
				CLANG_WARN_OBJC_IMPLICIT_RETAIN_SELF = YES;
				CLANG_WARN_OBJC_REPEATED_USE_OF_WEAK = YES;
				CODE_SIGN_IDENTITY = "";
				COPY_PHASE_STRIP = NO;
				CURRENT_PROJECT_VERSION = 0.995;
				GCC_DYNAMIC_NO_PIC = NO;
				GCC_ENABLE_FIX_AND_CONTINUE = YES;
				GCC_GENERATE_DEBUGGING_SYMBOLS = YES;
				GCC_OPTIMIZATION_LEVEL = 0;
				GCC_PRECOMPILE_PREFIX_HEADER = YES;
				GCC_PREFIX_HEADER = RuntimeBrowser_Prefix.pch;
				GCC_WARN_ABOUT_RETURN_TYPE = YES;
				GCC_WARN_UNDECLARED_SELECTOR = YES;
				GCC_WARN_UNUSED_FUNCTION = YES;
				GCC_WARN_UNUSED_VARIABLE = YES;
				INFOPLIST_FILE = Info.plist;
				INSTALL_PATH = "$(HOME)/Applications";
				MACOSX_DEPLOYMENT_TARGET = 10.7;
				OTHER_LDFLAGS = "-licucore";
				PREBINDING = NO;
				PRODUCT_BUNDLE_IDENTIFIER = ch.seriot.RuntimeBrowser;
				PRODUCT_NAME = RuntimeBrowser;
				PROVISIONING_PROFILE = "";
				SDKROOT = macosx;
				WRAPPER_EXTENSION = app;
				ZERO_LINK = YES;
			};
			name = Debug;
		};
		B73648680E3FCD540053523F /* Release */ = {
			isa = XCBuildConfiguration;
			buildSettings = {
				ALWAYS_SEARCH_USER_PATHS = NO;
				ARCHS = "$(ARCHS_STANDARD)";
				ASSETCATALOG_COMPILER_APPICON_NAME = AppIcon;
				CLANG_WARN_OBJC_IMPLICIT_RETAIN_SELF = YES;
				CLANG_WARN_OBJC_REPEATED_USE_OF_WEAK = YES;
				CODE_SIGN_IDENTITY = "";
				COPY_PHASE_STRIP = YES;
				CURRENT_PROJECT_VERSION = 0.995;
				GCC_ENABLE_FIX_AND_CONTINUE = NO;
				GCC_GENERATE_DEBUGGING_SYMBOLS = NO;
				GCC_PRECOMPILE_PREFIX_HEADER = YES;
				GCC_PREFIX_HEADER = RuntimeBrowser_Prefix.pch;
				GCC_WARN_ABOUT_RETURN_TYPE = YES;
				GCC_WARN_UNUSED_VARIABLE = YES;
				INFOPLIST_FILE = Info.plist;
				INSTALL_PATH = "$(HOME)/Applications";
				MACOSX_DEPLOYMENT_TARGET = 10.7;
				PREBINDING = NO;
				PRODUCT_BUNDLE_IDENTIFIER = ch.seriot.RuntimeBrowser;
				PRODUCT_NAME = RuntimeBrowser;
				PROVISIONING_PROFILE = "";
				SDKROOT = macosx;
				WRAPPER_EXTENSION = app;
				ZERO_LINK = NO;
			};
			name = Release;
		};
		B736486B0E3FCD540053523F /* Debug */ = {
			isa = XCBuildConfiguration;
			buildSettings = {
				ARCHS = "$(ARCHS_STANDARD_32_BIT)";
				CLANG_ENABLE_OBJC_ARC = YES;
				GCC_VERSION = com.apple.compilers.llvm.clang.1_0;
				MACOSX_DEPLOYMENT_TARGET = 10.10;
				ONLY_ACTIVE_ARCH = YES;
				OTHER_CFLAGS = "-DDEBUG";
				PREBINDING = NO;
				SDKROOT = macosx;
				WARNING_CFLAGS = (
					"-Wall",
					"-Wunreachable-code",
				);
			};
			name = Debug;
		};
		B736486C0E3FCD540053523F /* Release */ = {
			isa = XCBuildConfiguration;
			buildSettings = {
				ARCHS = "$(ARCHS_STANDARD_32_BIT)";
				CLANG_ENABLE_OBJC_ARC = YES;
				GCC_C_LANGUAGE_STANDARD = c99;
				GCC_WARN_ABOUT_RETURN_TYPE = YES;
				GCC_WARN_UNUSED_VARIABLE = YES;
				MACOSX_DEPLOYMENT_TARGET = 10.10;
				PREBINDING = NO;
				SDKROOT = macosx;
				WARNING_CFLAGS = (
					"-Wall",
					"-Wunreachable-code",
				);
			};
			name = Release;
		};
/* End XCBuildConfiguration section */

/* Begin XCConfigurationList section */
		B73648660E3FCD540053523F /* Build configuration list for PBXNativeTarget "RuntimeBrowser" */ = {
			isa = XCConfigurationList;
			buildConfigurations = (
				B73648670E3FCD540053523F /* Debug */,
				5FC5A6B91327D86B0097CC0D /* Debug COVERAGE */,
				B73648680E3FCD540053523F /* Release */,
			);
			defaultConfigurationIsVisible = 0;
			defaultConfigurationName = Debug;
		};
		B736486A0E3FCD540053523F /* Build configuration list for PBXProject "RuntimeBrowser" */ = {
			isa = XCConfigurationList;
			buildConfigurations = (
				B736486B0E3FCD540053523F /* Debug */,
				5FC5A6B81327D86B0097CC0D /* Debug COVERAGE */,
				B736486C0E3FCD540053523F /* Release */,
			);
			defaultConfigurationIsVisible = 0;
			defaultConfigurationName = Debug;
		};
/* End XCConfigurationList section */
	};
	rootObject = 29B97313FDCFA39411CA2CEA /* Project object */;
}
