// !$*UTF8*$!
{
	archiveVersion = 1;
	classes = {
	};
	objectVersion = 45;
	objects = {

/* Begin PBXBuildFile section */
		037EDD6B130C66EB00298C79 /* ClassDisplay.m in Sources */ = {isa = PBXBuildFile; fileRef = 037EDD67130C66EB00298C79 /* ClassDisplay.m */; };
		037EDDBD130C68D300298C79 /* ClassDisplay.m in Sources */ = {isa = PBXBuildFile; fileRef = 037EDD67130C66EB00298C79 /* ClassDisplay.m */; };
		037EDDBF130C68D500298C79 /* runtime_cli.m in Sources */ = {isa = PBXBuildFile; fileRef = 08FB7796FE84155DC02AAC07 /* runtime_cli.m */; };
		037EDDCB130C692A00298C79 /* UnitTests.m in Sources */ = {isa = PBXBuildFile; fileRef = 037EDDCA130C692A00298C79 /* UnitTests.m */; };
		037EDE5E130C695900298C79 /* SenTestingKit.framework in Frameworks */ = {isa = PBXBuildFile; fileRef = 037EDE5D130C695900298C79 /* SenTestingKit.framework */; };
		037EDF4F130D0C3B00298C79 /* NSString.h in Resources */ = {isa = PBXBuildFile; fileRef = 037EDF4E130D0C3B00298C79 /* NSString.h */; };
		037EDF5E130D0CED00298C79 /* QuartzCore.framework in Frameworks */ = {isa = PBXBuildFile; fileRef = 037EDF5D130D0CED00298C79 /* QuartzCore.framework */; };
		037EDF61130D0CF200298C79 /* Foundation.framework in Frameworks */ = {isa = PBXBuildFile; fileRef = 08FB779EFE84155DC02AAC07 /* Foundation.framework */; };
		037EDF70130D0D1F00298C79 /* CALayer.h in Resources */ = {isa = PBXBuildFile; fileRef = 037EDF6F130D0D1F00298C79 /* CALayer.h */; };
		8DD76F9A0486AA7600D96B5E /* runtime_cli.m in Sources */ = {isa = PBXBuildFile; fileRef = 08FB7796FE84155DC02AAC07 /* runtime_cli.m */; settings = {ATTRIBUTES = (); }; };
		8DD76F9C0486AA7600D96B5E /* Foundation.framework in Frameworks */ = {isa = PBXBuildFile; fileRef = 08FB779EFE84155DC02AAC07 /* Foundation.framework */; };
		8DD76F9F0486AA7600D96B5E /* runtime_cli.1 in CopyFiles */ = {isa = PBXBuildFile; fileRef = C6859EA3029092ED04C91782 /* runtime_cli.1 */; };
/* End PBXBuildFile section */

/* Begin PBXContainerItemProxy section */
		037EDFAB130D890200298C79 /* PBXContainerItemProxy */ = {
			isa = PBXContainerItemProxy;
			containerPortal = 08FB7793FE84155DC02AAC07 /* Project object */;
			proxyType = 1;
			remoteGlobalIDString = 037EDDB7130C68C800298C79;
			remoteInfo = UnitTests;
		};
/* End PBXContainerItemProxy section */

/* Begin PBXCopyFilesBuildPhase section */
		8DD76F9E0486AA7600D96B5E /* CopyFiles */ = {
			isa = PBXCopyFilesBuildPhase;
			buildActionMask = 8;
			dstPath = /usr/share/man/man1/;
			dstSubfolderSpec = 0;
			files = (
				8DD76F9F0486AA7600D96B5E /* runtime_cli.1 in CopyFiles */,
			);
			runOnlyForDeploymentPostprocessing = 1;
		};
/* End PBXCopyFilesBuildPhase section */

/* Begin PBXFileReference section */
		037EDD66130C66EB00298C79 /* ClassDisplay.h */ = {isa = PBXFileReference; fileEncoding = 4; lastKnownFileType = sourcecode.c.h; path = ClassDisplay.h; sourceTree = "<group>"; };
		037EDD67130C66EB00298C79 /* ClassDisplay.m */ = {isa = PBXFileReference; fileEncoding = 4; lastKnownFileType = sourcecode.c.objc; path = ClassDisplay.m; sourceTree = "<group>"; };
		037EDDB8130C68C800298C79 /* UnitTests.octest */ = {isa = PBXFileReference; explicitFileType = wrapper.cfbundle; includeInIndex = 0; path = UnitTests.octest; sourceTree = BUILT_PRODUCTS_DIR; };
		037EDDB9130C68C800298C79 /* UnitTests-Info.plist */ = {isa = PBXFileReference; lastKnownFileType = text.plist.xml; path = "UnitTests-Info.plist"; sourceTree = "<group>"; };
		037EDDC9130C692A00298C79 /* UnitTests.h */ = {isa = PBXFileReference; fileEncoding = 4; lastKnownFileType = sourcecode.c.h; path = UnitTests.h; sourceTree = "<group>"; };
		037EDDCA130C692A00298C79 /* UnitTests.m */ = {isa = PBXFileReference; fileEncoding = 4; lastKnownFileType = sourcecode.c.objc; path = UnitTests.m; sourceTree = "<group>"; };
		037EDE5D130C695900298C79 /* SenTestingKit.framework */ = {isa = PBXFileReference; lastKnownFileType = wrapper.framework; name = SenTestingKit.framework; path = Library/Frameworks/SenTestingKit.framework; sourceTree = DEVELOPER_DIR; };
		037EDF4E130D0C3B00298C79 /* NSString.h */ = {isa = PBXFileReference; fileEncoding = 4; lastKnownFileType = sourcecode.c.h; path = NSString.h; sourceTree = "<group>"; };
		037EDF5D130D0CED00298C79 /* QuartzCore.framework */ = {isa = PBXFileReference; lastKnownFileType = wrapper.framework; name = QuartzCore.framework; path = System/Library/Frameworks/QuartzCore.framework; sourceTree = SDKROOT; };
		037EDF6F130D0D1F00298C79 /* CALayer.h */ = {isa = PBXFileReference; fileEncoding = 4; lastKnownFileType = sourcecode.c.h; path = CALayer.h; sourceTree = "<group>"; };
		08FB7796FE84155DC02AAC07 /* runtime_cli.m */ = {isa = PBXFileReference; fileEncoding = 4; lastKnownFileType = sourcecode.c.objc; path = runtime_cli.m; sourceTree = "<group>"; };
		08FB779EFE84155DC02AAC07 /* Foundation.framework */ = {isa = PBXFileReference; lastKnownFileType = wrapper.framework; name = Foundation.framework; path = /System/Library/Frameworks/Foundation.framework; sourceTree = "<absolute>"; };
		32A70AAB03705E1F00C91783 /* runtime_cli_Prefix.pch */ = {isa = PBXFileReference; fileEncoding = 4; lastKnownFileType = sourcecode.c.h; path = runtime_cli_Prefix.pch; sourceTree = "<group>"; };
		8DD76FA10486AA7600D96B5E /* runtime_cli */ = {isa = PBXFileReference; explicitFileType = "compiled.mach-o.executable"; includeInIndex = 0; path = runtime_cli; sourceTree = BUILT_PRODUCTS_DIR; };
		C6859EA3029092ED04C91782 /* runtime_cli.1 */ = {isa = PBXFileReference; lastKnownFileType = text.man; path = runtime_cli.1; sourceTree = "<group>"; };
/* End PBXFileReference section */

/* Begin PBXFrameworksBuildPhase section */
		037EDDB5130C68C800298C79 /* Frameworks */ = {
			isa = PBXFrameworksBuildPhase;
			buildActionMask = 2147483647;
			files = (
				037EDE5E130C695900298C79 /* SenTestingKit.framework in Frameworks */,
				037EDF5E130D0CED00298C79 /* QuartzCore.framework in Frameworks */,
				037EDF61130D0CF200298C79 /* Foundation.framework in Frameworks */,
			);
			runOnlyForDeploymentPostprocessing = 0;
		};
		8DD76F9B0486AA7600D96B5E /* Frameworks */ = {
			isa = PBXFrameworksBuildPhase;
			buildActionMask = 2147483647;
			files = (
				8DD76F9C0486AA7600D96B5E /* Foundation.framework in Frameworks */,
			);
			runOnlyForDeploymentPostprocessing = 0;
		};
/* End PBXFrameworksBuildPhase section */

/* Begin PBXGroup section */
		037EDD65130C66EB00298C79 /* model */ = {
			isa = PBXGroup;
			children = (
				037EDD66130C66EB00298C79 /* ClassDisplay.h */,
				037EDD67130C66EB00298C79 /* ClassDisplay.m */,
			);
			name = model;
			path = ../model;
			sourceTree = SOURCE_ROOT;
		};
		037EDDC8130C690E00298C79 /* UnitTests */ = {
			isa = PBXGroup;
			children = (
				037EDDC9130C692A00298C79 /* UnitTests.h */,
				037EDDCA130C692A00298C79 /* UnitTests.m */,
				037EDF54130D0C4800298C79 /* References */,
			);
			name = UnitTests;
			sourceTree = "<group>";
		};
		037EDF54130D0C4800298C79 /* References */ = {
			isa = PBXGroup;
			children = (
				037EDF4E130D0C3B00298C79 /* NSString.h */,
				037EDF6F130D0D1F00298C79 /* CALayer.h */,
			);
			name = References;
			sourceTree = "<group>";
		};
		08FB7794FE84155DC02AAC07 /* runtime_cli */ = {
			isa = PBXGroup;
			children = (
				037EDD65130C66EB00298C79 /* model */,
				037EDDC8130C690E00298C79 /* UnitTests */,
				08FB7795FE84155DC02AAC07 /* Source */,
				C6859EA2029092E104C91782 /* Documentation */,
				08FB779DFE84155DC02AAC07 /* External Frameworks and Libraries */,
				1AB674ADFE9D54B511CA2CBB /* Products */,
				037EDDB9130C68C800298C79 /* UnitTests-Info.plist */,
			);
			name = runtime_cli;
			sourceTree = "<group>";
		};
		08FB7795FE84155DC02AAC07 /* Source */ = {
			isa = PBXGroup;
			children = (
				32A70AAB03705E1F00C91783 /* runtime_cli_Prefix.pch */,
				08FB7796FE84155DC02AAC07 /* runtime_cli.m */,
			);
			name = Source;
			sourceTree = "<group>";
		};
		08FB779DFE84155DC02AAC07 /* External Frameworks and Libraries */ = {
			isa = PBXGroup;
			children = (
				037EDE5D130C695900298C79 /* SenTestingKit.framework */,
				08FB779EFE84155DC02AAC07 /* Foundation.framework */,
				037EDF5D130D0CED00298C79 /* QuartzCore.framework */,
			);
			name = "External Frameworks and Libraries";
			sourceTree = "<group>";
		};
		1AB674ADFE9D54B511CA2CBB /* Products */ = {
			isa = PBXGroup;
			children = (
				8DD76FA10486AA7600D96B5E /* runtime_cli */,
				037EDDB8130C68C800298C79 /* UnitTests.octest */,
			);
			name = Products;
			sourceTree = "<group>";
		};
		C6859EA2029092E104C91782 /* Documentation */ = {
			isa = PBXGroup;
			children = (
				C6859EA3029092ED04C91782 /* runtime_cli.1 */,
			);
			name = Documentation;
			sourceTree = "<group>";
		};
/* End PBXGroup section */

/* Begin PBXNativeTarget section */
		037EDDB7130C68C800298C79 /* UnitTests */ = {
			isa = PBXNativeTarget;
			buildConfigurationList = 037EDDBC130C68C900298C79 /* Build configuration list for PBXNativeTarget "UnitTests" */;
			buildPhases = (
				037EDDB3130C68C800298C79 /* Resources */,
				037EDDB4130C68C800298C79 /* Sources */,
				037EDDB5130C68C800298C79 /* Frameworks */,
				037EDDB6130C68C800298C79 /* ShellScript */,
			);
			buildRules = (
			);
			dependencies = (
			);
			name = UnitTests;
			productName = UnitTests;
			productReference = 037EDDB8130C68C800298C79 /* UnitTests.octest */;
			productType = "com.apple.product-type.bundle";
		};
		8DD76F960486AA7600D96B5E /* runtime_cli */ = {
			isa = PBXNativeTarget;
			buildConfigurationList = 1DEB927408733DD40010E9CD /* Build configuration list for PBXNativeTarget "runtime_cli" */;
			buildPhases = (
				8DD76F990486AA7600D96B5E /* Sources */,
				8DD76F9B0486AA7600D96B5E /* Frameworks */,
				8DD76F9E0486AA7600D96B5E /* CopyFiles */,
			);
			buildRules = (
			);
			dependencies = (
				037EDFAC130D890200298C79 /* PBXTargetDependency */,
			);
			name = runtime_cli;
			productInstallPath = "$(HOME)/bin";
			productName = runtime_cli;
			productReference = 8DD76FA10486AA7600D96B5E /* runtime_cli */;
			productType = "com.apple.product-type.tool";
		};
/* End PBXNativeTarget section */

/* Begin PBXProject section */
		08FB7793FE84155DC02AAC07 /* Project object */ = {
			isa = PBXProject;
			buildConfigurationList = 1DEB927808733DD40010E9CD /* Build configuration list for PBXProject "runtime_cli" */;
			compatibilityVersion = "Xcode 3.1";
			developmentRegion = English;
			hasScannedForEncodings = 1;
			knownRegions = (
				English,
				Japanese,
				French,
				German,
			);
			mainGroup = 08FB7794FE84155DC02AAC07 /* runtime_cli */;
			projectDirPath = "";
			projectRoot = "";
			targets = (
				8DD76F960486AA7600D96B5E /* runtime_cli */,
				037EDDB7130C68C800298C79 /* UnitTests */,
			);
		};
/* End PBXProject section */

/* Begin PBXResourcesBuildPhase section */
		037EDDB3130C68C800298C79 /* Resources */ = {
			isa = PBXResourcesBuildPhase;
			buildActionMask = 2147483647;
			files = (
				037EDF4F130D0C3B00298C79 /* NSString.h in Resources */,
				037EDF70130D0D1F00298C79 /* CALayer.h in Resources */,
			);
			runOnlyForDeploymentPostprocessing = 0;
		};
/* End PBXResourcesBuildPhase section */

/* Begin PBXShellScriptBuildPhase section */
		037EDDB6130C68C800298C79 /* ShellScript */ = {
			isa = PBXShellScriptBuildPhase;
			buildActionMask = 2147483647;
			files = (
			);
			inputPaths = (
			);
			outputPaths = (
			);
			runOnlyForDeploymentPostprocessing = 0;
			shellPath = /bin/sh;
			shellScript = "# Run the unit tests in this test bundle.\n\"${SYSTEM_DEVELOPER_DIR}/Tools/RunUnitTests\"\n";
		};
/* End PBXShellScriptBuildPhase section */

/* Begin PBXSourcesBuildPhase section */
		037EDDB4130C68C800298C79 /* Sources */ = {
			isa = PBXSourcesBuildPhase;
			buildActionMask = 2147483647;
			files = (
				037EDDBD130C68D300298C79 /* ClassDisplay.m in Sources */,
				037EDDBF130C68D500298C79 /* runtime_cli.m in Sources */,
				037EDDCB130C692A00298C79 /* UnitTests.m in Sources */,
			);
			runOnlyForDeploymentPostprocessing = 0;
		};
		8DD76F990486AA7600D96B5E /* Sources */ = {
			isa = PBXSourcesBuildPhase;
			buildActionMask = 2147483647;
			files = (
				8DD76F9A0486AA7600D96B5E /* runtime_cli.m in Sources */,
				037EDD6B130C66EB00298C79 /* ClassDisplay.m in Sources */,
			);
			runOnlyForDeploymentPostprocessing = 0;
		};
/* End PBXSourcesBuildPhase section */

/* Begin PBXTargetDependency section */
		037EDFAC130D890200298C79 /* PBXTargetDependency */ = {
			isa = PBXTargetDependency;
			target = 037EDDB7130C68C800298C79 /* UnitTests */;
			targetProxy = 037EDFAB130D890200298C79 /* PBXContainerItemProxy */;
		};
/* End PBXTargetDependency section */

/* Begin XCBuildConfiguration section */
		037EDDBA130C68C900298C79 /* Debug */ = {
			isa = XCBuildConfiguration;
			buildSettings = {
				ALWAYS_SEARCH_USER_PATHS = NO;
				COPY_PHASE_STRIP = NO;
				FRAMEWORK_SEARCH_PATHS = "$(DEVELOPER_LIBRARY_DIR)/Frameworks";
				GCC_DYNAMIC_NO_PIC = NO;
				GCC_ENABLE_FIX_AND_CONTINUE = NO;
				GCC_ENABLE_OBJC_EXCEPTIONS = YES;
				GCC_MODEL_TUNING = G5;
				GCC_OPTIMIZATION_LEVEL = 0;
				GCC_PRECOMPILE_PREFIX_HEADER = YES;
				GCC_PREFIX_HEADER = "$(SYSTEM_LIBRARY_DIR)/Frameworks/Cocoa.framework/Headers/Cocoa.h";
				INFOPLIST_FILE = "UnitTests-Info.plist";
				INSTALL_PATH = "$(USER_LIBRARY_DIR)/Bundles";
				OTHER_CFLAGS = "-DUNIT_TESTS";
				OTHER_LDFLAGS = (
					"-framework",
					Cocoa,
					"-framework",
					SenTestingKit,
				);
				PREBINDING = NO;
				PRODUCT_NAME = UnitTests;
				WRAPPER_EXTENSION = octest;
			};
			name = Debug;
		};
		037EDDBB130C68C900298C79 /* Release */ = {
			isa = XCBuildConfiguration;
			buildSettings = {
				ALWAYS_SEARCH_USER_PATHS = NO;
				COPY_PHASE_STRIP = YES;
				DEBUG_INFORMATION_FORMAT = "dwarf-with-dsym";
				FRAMEWORK_SEARCH_PATHS = "$(DEVELOPER_LIBRARY_DIR)/Frameworks";
				GCC_ENABLE_FIX_AND_CONTINUE = NO;
				GCC_ENABLE_OBJC_EXCEPTIONS = YES;
				GCC_MODEL_TUNING = G5;
				GCC_PRECOMPILE_PREFIX_HEADER = YES;
				GCC_PREFIX_HEADER = "$(SYSTEM_LIBRARY_DIR)/Frameworks/Cocoa.framework/Headers/Cocoa.h";
				INFOPLIST_FILE = "UnitTests-Info.plist";
				INSTALL_PATH = "$(USER_LIBRARY_DIR)/Bundles";
				OTHER_LDFLAGS = (
					"-framework",
					Cocoa,
					"-framework",
					SenTestingKit,
				);
				PREBINDING = NO;
				PRODUCT_NAME = UnitTests;
				WRAPPER_EXTENSION = octest;
				ZERO_LINK = NO;
			};
			name = Release;
		};
		1DEB927508733DD40010E9CD /* Debug */ = {
			isa = XCBuildConfiguration;
			buildSettings = {
				ALWAYS_SEARCH_USER_PATHS = NO;
				COPY_PHASE_STRIP = NO;
				GCC_DYNAMIC_NO_PIC = NO;
				GCC_ENABLE_FIX_AND_CONTINUE = YES;
				GCC_MODEL_TUNING = G5;
				GCC_OPTIMIZATION_LEVEL = 0;
				GCC_PRECOMPILE_PREFIX_HEADER = YES;
				GCC_PREFIX_HEADER = runtime_cli_Prefix.pch;
				INSTALL_PATH = /usr/local/bin;
				PRODUCT_NAME = runtime_cli;
			};
			name = Debug;
		};
		1DEB927608733DD40010E9CD /* Release */ = {
			isa = XCBuildConfiguration;
			buildSettings = {
				ALWAYS_SEARCH_USER_PATHS = NO;
				DEBUG_INFORMATION_FORMAT = "dwarf-with-dsym";
				GCC_MODEL_TUNING = G5;
				GCC_PRECOMPILE_PREFIX_HEADER = YES;
				GCC_PREFIX_HEADER = runtime_cli_Prefix.pch;
				INSTALL_PATH = /usr/local/bin;
				PRODUCT_NAME = runtime_cli;
			};
			name = Release;
		};
		1DEB927908733DD40010E9CD /* Debug */ = {
			isa = XCBuildConfiguration;
			buildSettings = {
				ARCHS = "$(ARCHS_STANDARD_32_64_BIT)";
				GCC_C_LANGUAGE_STANDARD = gnu99;
				GCC_OPTIMIZATION_LEVEL = 0;
				GCC_WARN_ABOUT_RETURN_TYPE = YES;
				GCC_WARN_UNUSED_VARIABLE = YES;
				ONLY_ACTIVE_ARCH = YES;
				PREBINDING = NO;
				SDKROOT = macosx;
			};
			name = Debug;
		};
		1DEB927A08733DD40010E9CD /* Release */ = {
			isa = XCBuildConfiguration;
			buildSettings = {
				ARCHS = "$(ARCHS_STANDARD_32_64_BIT)";
				GCC_C_LANGUAGE_STANDARD = gnu99;
				GCC_WARN_ABOUT_RETURN_TYPE = YES;
				GCC_WARN_UNUSED_VARIABLE = YES;
				PREBINDING = NO;
				SDKROOT = macosx;
			};
			name = Release;
		};
/* End XCBuildConfiguration section */

/* Begin XCConfigurationList section */
		037EDDBC130C68C900298C79 /* Build configuration list for PBXNativeTarget "UnitTests" */ = {
			isa = XCConfigurationList;
			buildConfigurations = (
				037EDDBA130C68C900298C79 /* Debug */,
				037EDDBB130C68C900298C79 /* Release */,
			);
			defaultConfigurationIsVisible = 0;
			defaultConfigurationName = Release;
		};
		1DEB927408733DD40010E9CD /* Build configuration list for PBXNativeTarget "runtime_cli" */ = {
			isa = XCConfigurationList;
			buildConfigurations = (
				1DEB927508733DD40010E9CD /* Debug */,
				1DEB927608733DD40010E9CD /* Release */,
			);
			defaultConfigurationIsVisible = 0;
			defaultConfigurationName = Release;
		};
		1DEB927808733DD40010E9CD /* Build configuration list for PBXProject "runtime_cli" */ = {
			isa = XCConfigurationList;
			buildConfigurations = (
				1DEB927908733DD40010E9CD /* Debug */,
				1DEB927A08733DD40010E9CD /* Release */,
			);
			defaultConfigurationIsVisible = 0;
			defaultConfigurationName = Release;
		};
/* End XCConfigurationList section */
	};
	rootObject = 08FB7793FE84155DC02AAC07 /* Project object */;
}
