// !$*UTF8*$!
{
	archiveVersion = 1;
	classes = {
	};
	objectVersion = 46;
	objects = {

/* Begin PBXBuildFile section */
		030250820F2D1A4300C93986 /* tab_info.png in Resources */ = {isa = PBXBuildFile; fileRef = 030250810F2D1A4300C93986 /* tab_info.png */; };
		030250890F2D1A9200C93986 /* InfoVC.xib in Resources */ = {isa = PBXBuildFile; fileRef = 030250880F2D1A9200C93986 /* InfoVC.xib */; };
		0302508F0F2D1ABA00C93986 /* InfoVC.m in Sources */ = {isa = PBXBuildFile; fileRef = 0302508E0F2D1ABA00C93986 /* InfoVC.m */; };
		030706D8130FCAE9009E6B08 /* AllClasses.m in Sources */ = {isa = PBXBuildFile; fileRef = 030706D7130FCAE9009E6B08 /* AllClasses.m */; };
		0312C78113356AE900E99BA4 /* ListTVC.xib in Resources */ = {isa = PBXBuildFile; fileRef = 0312C78013356AE900E99BA4 /* ListTVC.xib */; };
		0338788F13070993003AF5CE /* ClassDisplay.m in Sources */ = {isa = PBXBuildFile; fileRef = 0338788E13070993003AF5CE /* ClassDisplay.m */; };
		033C90430FE1B88F004DC8C7 /* ObjectsTVC.m in Sources */ = {isa = PBXBuildFile; fileRef = 033C90420FE1B88F004DC8C7 /* ObjectsTVC.m */; };
		033C90A70FE1BB85004DC8C7 /* ObjectsTVC.xib in Resources */ = {isa = PBXBuildFile; fileRef = 033C90A60FE1BB85004DC8C7 /* ObjectsTVC.xib */; };
		0353BB8A0F22E8110058DAC8 /* tab_framework.png in Resources */ = {isa = PBXBuildFile; fileRef = 0353BB890F22E8110058DAC8 /* tab_framework.png */; };
		0353BBB90F22EEB20058DAC8 /* tab_tree.png in Resources */ = {isa = PBXBuildFile; fileRef = 0353BBB80F22EEB20058DAC8 /* tab_tree.png */; };
		0353BBCA0F22F1670058DAC8 /* tab_list.png in Resources */ = {isa = PBXBuildFile; fileRef = 0353BBC90F22F1670058DAC8 /* tab_list.png */; };
		0354B3E40FE5B554002B198C /* UIButtonBarInfo.png in Resources */ = {isa = PBXBuildFile; fileRef = 0354B3E30FE5B554002B198C /* UIButtonBarInfo.png */; };
		0354B3ED0FE5B5B3002B198C /* Default.png in Resources */ = {isa = PBXBuildFile; fileRef = 0354B3EC0FE5B5B3002B198C /* Default.png */; };
		036C8B4A0F22819E00CCB286 /* TreeTVC.xib in Resources */ = {isa = PBXBuildFile; fileRef = 036C8B490F22819E00CCB286 /* TreeTVC.xib */; };
		036C8B4E0F2281DC00CCB286 /* TreeTVC.m in Sources */ = {isa = PBXBuildFile; fileRef = 036C8B4D0F2281DC00CCB286 /* TreeTVC.m */; };
		036C8B710F22830900CCB286 /* ClassCell.m in Sources */ = {isa = PBXBuildFile; fileRef = 036C8B700F22830900CCB286 /* ClassCell.m */; };
		036C8B8D0F22838D00CCB286 /* ClassCell.xib in Resources */ = {isa = PBXBuildFile; fileRef = 036C8B8C0F22838D00CCB286 /* ClassCell.xib */; };
		036C8BC50F22870D00CCB286 /* Icon.png in Resources */ = {isa = PBXBuildFile; fileRef = 036C8BC20F22870D00CCB286 /* Icon.png */; };
		036C8BC60F22870D00CCB286 /* header.png in Resources */ = {isa = PBXBuildFile; fileRef = 036C8BC30F22870D00CCB286 /* header.png */; };
		036C8BC70F22870D00CCB286 /* framework.png in Resources */ = {isa = PBXBuildFile; fileRef = 036C8BC40F22870D00CCB286 /* framework.png */; };
		036C8BD10F2287CB00CCB286 /* ClassDisplayVC.m in Sources */ = {isa = PBXBuildFile; fileRef = 036C8BD00F2287CB00CCB286 /* ClassDisplayVC.m */; };
		036C8BDA0F22887C00CCB286 /* ClassDisplayVC.xib in Resources */ = {isa = PBXBuildFile; fileRef = 036C8BD90F22887C00CCB286 /* ClassDisplayVC.xib */; };
		036C8DF10F22B9DA00CCB286 /* ListTVC.m in Sources */ = {isa = PBXBuildFile; fileRef = 036C8DF00F22B9DA00CCB286 /* ListTVC.m */; };
		036C8E780F22BDD200CCB286 /* FrameworksTVC.m in Sources */ = {isa = PBXBuildFile; fileRef = 036C8E770F22BDD200CCB286 /* FrameworksTVC.m */; };
		036C8E7A0F22BDD800CCB286 /* FrameworkCell.xib in Resources */ = {isa = PBXBuildFile; fileRef = 036C8E790F22BDD800CCB286 /* FrameworkCell.xib */; };
		036C8E810F22BE4500CCB286 /* FrameworkCell.m in Sources */ = {isa = PBXBuildFile; fileRef = 036C8E800F22BE4500CCB286 /* FrameworkCell.m */; };
		036C8F330F22C84000CCB286 /* SearchVC.m in Sources */ = {isa = PBXBuildFile; fileRef = 036C8F320F22C84000CCB286 /* SearchVC.m */; };
		036C8F360F22C88200CCB286 /* SearchVC.xib in Resources */ = {isa = PBXBuildFile; fileRef = 036C8F350F22C88200CCB286 /* SearchVC.xib */; };
		03700ECA0F23B03C0039D800 /* CFNetwork.framework in Frameworks */ = {isa = PBXBuildFile; fileRef = 03700EC90F23B03C0039D800 /* CFNetwork.framework */; };
		0370101F0F23C6100039D800 /* MyIP.m in Sources */ = {isa = PBXBuildFile; fileRef = 0370101E0F23C6100039D800 /* MyIP.m */; };
		037EDAD91307101800298C79 /* ClassStub.m in Sources */ = {isa = PBXBuildFile; fileRef = 037EDAD81307101800298C79 /* ClassStub.m */; };
		0385F3410F2D2889007AA4D4 /* revision.txt in Resources */ = {isa = PBXBuildFile; fileRef = 0385F3400F2D2889007AA4D4 /* revision.txt */; };
		0398E0950F24FCE200414B70 /* Settings.bundle in Resources */ = {isa = PBXBuildFile; fileRef = 0398E0940F24FCE200414B70 /* Settings.bundle */; };
		03A07A430FE581FB0083E948 /* tab_hand.png in Resources */ = {isa = PBXBuildFile; fileRef = 03A07A420FE581FB0083E948 /* tab_hand.png */; };
		03A07A900FE58FC00083E948 /* MethodCell.xib in Resources */ = {isa = PBXBuildFile; fileRef = 03A07A8F0FE58FC00083E948 /* MethodCell.xib */; };
		03A07A9A0FE58FFB0083E948 /* MethodCell.m in Sources */ = {isa = PBXBuildFile; fileRef = 03A07A980FE58FFB0083E948 /* MethodCell.m */; };
		03F429CB132A9E3500F1B592 /* DDData.m in Sources */ = {isa = PBXBuildFile; fileRef = 03F4299E132A9E3500F1B592 /* DDData.m */; };
		03F429CC132A9E3500F1B592 /* DDNumber.m in Sources */ = {isa = PBXBuildFile; fileRef = 03F429A0132A9E3500F1B592 /* DDNumber.m */; };
		03F429CD132A9E3500F1B592 /* DDRange.m in Sources */ = {isa = PBXBuildFile; fileRef = 03F429A2132A9E3500F1B592 /* DDRange.m */; };
		03F429CE132A9E3500F1B592 /* HTTPAsyncFileResponse.m in Sources */ = {isa = PBXBuildFile; fileRef = 03F429A4132A9E3500F1B592 /* HTTPAsyncFileResponse.m */; };
		03F429CF132A9E3500F1B592 /* HTTPAuthenticationRequest.m in Sources */ = {isa = PBXBuildFile; fileRef = 03F429A6132A9E3500F1B592 /* HTTPAuthenticationRequest.m */; };
		03F429D0132A9E3500F1B592 /* HTTPConnection.m in Sources */ = {isa = PBXBuildFile; fileRef = 03F429A8132A9E3500F1B592 /* HTTPConnection.m */; };
		03F429D1132A9E3500F1B592 /* HTTPDataResponse.m in Sources */ = {isa = PBXBuildFile; fileRef = 03F429AA132A9E3500F1B592 /* HTTPDataResponse.m */; };
		03F429D2132A9E3500F1B592 /* HTTPDynamicFileResponse.m in Sources */ = {isa = PBXBuildFile; fileRef = 03F429AC132A9E3500F1B592 /* HTTPDynamicFileResponse.m */; };
		03F429D3132A9E3500F1B592 /* HTTPFileResponse.m in Sources */ = {isa = PBXBuildFile; fileRef = 03F429AE132A9E3500F1B592 /* HTTPFileResponse.m */; };
		03F429D4132A9E3500F1B592 /* HTTPMessage.m in Sources */ = {isa = PBXBuildFile; fileRef = 03F429B1132A9E3500F1B592 /* HTTPMessage.m */; };
		03F429D5132A9E3500F1B592 /* HTTPRedirectResponse.m in Sources */ = {isa = PBXBuildFile; fileRef = 03F429B3132A9E3500F1B592 /* HTTPRedirectResponse.m */; };
		03F429D6132A9E3500F1B592 /* HTTPServer.m in Sources */ = {isa = PBXBuildFile; fileRef = 03F429B6132A9E3500F1B592 /* HTTPServer.m */; };
		03F429D7132A9E3500F1B592 /* LICENSE.txt in Resources */ = {isa = PBXBuildFile; fileRef = 03F429B7132A9E3500F1B592 /* LICENSE.txt */; };
		03F429D8132A9E3500F1B592 /* About_1.txt in Resources */ = {isa = PBXBuildFile; fileRef = 03F429BA132A9E3500F1B592 /* About_1.txt */; };
		03F429D9132A9E3500F1B592 /* GCDAsyncSocket.m in Sources */ = {isa = PBXBuildFile; fileRef = 03F429BC132A9E3500F1B592 /* GCDAsyncSocket.m */; };
		03F429DA132A9E3500F1B592 /* About_2.txt in Resources */ = {isa = PBXBuildFile; fileRef = 03F429BE132A9E3500F1B592 /* About_2.txt */; };
		03F429DB132A9E3500F1B592 /* DDASLLogger.m in Sources */ = {isa = PBXBuildFile; fileRef = 03F429C0132A9E3500F1B592 /* DDASLLogger.m */; };
		03F429DC132A9E3500F1B592 /* DDFileLogger.m in Sources */ = {isa = PBXBuildFile; fileRef = 03F429C2132A9E3500F1B592 /* DDFileLogger.m */; };
		03F429DD132A9E3500F1B592 /* DDLog.m in Sources */ = {isa = PBXBuildFile; fileRef = 03F429C4132A9E3500F1B592 /* DDLog.m */; };
		03F429DE132A9E3500F1B592 /* DDTTYLogger.m in Sources */ = {isa = PBXBuildFile; fileRef = 03F429C6132A9E3500F1B592 /* DDTTYLogger.m */; };
		03F429DF132A9E3500F1B592 /* WebSocket.m in Sources */ = {isa = PBXBuildFile; fileRef = 03F429C8132A9E3500F1B592 /* WebSocket.m */; };
		03F42BE0132ACD3600F1B592 /* Icon@2x.png in Resources */ = {isa = PBXBuildFile; fileRef = 03F42BDF132ACD3600F1B592 /* Icon@2x.png */; };
		03F84C4F0F3531F1002DD1F1 /* Defaults.plist in Resources */ = {isa = PBXBuildFile; fileRef = 03F84C4E0F3531F1002DD1F1 /* Defaults.plist */; };
		1D3623260D0F684500981E51 /* AppDelegate.m in Sources */ = {isa = PBXBuildFile; fileRef = 1D3623250D0F684500981E51 /* AppDelegate.m */; };
		1D60589B0D05DD56006BFB54 /* main.m in Sources */ = {isa = PBXBuildFile; fileRef = 29B97316FDCFA39411CA2CEA /* main.m */; };
		1D60589F0D05DD5A006BFB54 /* Foundation.framework in Frameworks */ = {isa = PBXBuildFile; fileRef = 1D30AB110D05D00D00671497 /* Foundation.framework */; };
		1DF5F4E00D08C38300B7A737 /* UIKit.framework in Frameworks */ = {isa = PBXBuildFile; fileRef = 1DF5F4DF0D08C38300B7A737 /* UIKit.framework */; };
		288765080DF74369002DB57D /* CoreGraphics.framework in Frameworks */ = {isa = PBXBuildFile; fileRef = 288765070DF74369002DB57D /* CoreGraphics.framework */; };
		28AD73880D9D96C1002E5188 /* MainWindow.xib in Resources */ = {isa = PBXBuildFile; fileRef = 28AD73870D9D96C1002E5188 /* MainWindow.xib */; };
/* End PBXBuildFile section */

/* Begin PBXFileReference section */
		030250810F2D1A4300C93986 /* tab_info.png */ = {isa = PBXFileReference; lastKnownFileType = image.png; path = tab_info.png; sourceTree = "<group>"; };
		030250880F2D1A9200C93986 /* InfoVC.xib */ = {isa = PBXFileReference; lastKnownFileType = file.xib; path = InfoVC.xib; sourceTree = "<group>"; };
		0302508D0F2D1ABA00C93986 /* InfoVC.h */ = {isa = PBXFileReference; fileEncoding = 4; lastKnownFileType = sourcecode.c.h; path = InfoVC.h; sourceTree = "<group>"; };
		0302508E0F2D1ABA00C93986 /* InfoVC.m */ = {isa = PBXFileReference; fileEncoding = 4; lastKnownFileType = sourcecode.c.objc; path = InfoVC.m; sourceTree = "<group>"; };
		030706D6130FCAE9009E6B08 /* AllClasses.h */ = {isa = PBXFileReference; fileEncoding = 4; lastKnownFileType = sourcecode.c.h; path = AllClasses.h; sourceTree = "<group>"; };
		030706D7130FCAE9009E6B08 /* AllClasses.m */ = {isa = PBXFileReference; fileEncoding = 4; lastKnownFileType = sourcecode.c.objc; path = AllClasses.m; sourceTree = "<group>"; };
		0312C78013356AE900E99BA4 /* ListTVC.xib */ = {isa = PBXFileReference; lastKnownFileType = file.xib; path = ListTVC.xib; sourceTree = "<group>"; };
		0338788D13070993003AF5CE /* ClassDisplay.h */ = {isa = PBXFileReference; fileEncoding = 4; lastKnownFileType = sourcecode.c.h; path = ClassDisplay.h; sourceTree = "<group>"; };
		0338788E13070993003AF5CE /* ClassDisplay.m */ = {isa = PBXFileReference; fileEncoding = 4; lastKnownFileType = sourcecode.c.objc; path = ClassDisplay.m; sourceTree = "<group>"; };
		033C90410FE1B88F004DC8C7 /* ObjectsTVC.h */ = {isa = PBXFileReference; fileEncoding = 4; lastKnownFileType = sourcecode.c.h; path = ObjectsTVC.h; sourceTree = "<group>"; };
		033C90420FE1B88F004DC8C7 /* ObjectsTVC.m */ = {isa = PBXFileReference; fileEncoding = 4; lastKnownFileType = sourcecode.c.objc; path = ObjectsTVC.m; sourceTree = "<group>"; };
		033C90A60FE1BB85004DC8C7 /* ObjectsTVC.xib */ = {isa = PBXFileReference; lastKnownFileType = file.xib; path = ObjectsTVC.xib; sourceTree = "<group>"; };
		0353BB890F22E8110058DAC8 /* tab_framework.png */ = {isa = PBXFileReference; lastKnownFileType = image.png; path = tab_framework.png; sourceTree = "<group>"; };
		0353BBB80F22EEB20058DAC8 /* tab_tree.png */ = {isa = PBXFileReference; lastKnownFileType = image.png; path = tab_tree.png; sourceTree = "<group>"; };
		0353BBC90F22F1670058DAC8 /* tab_list.png */ = {isa = PBXFileReference; lastKnownFileType = image.png; path = tab_list.png; sourceTree = "<group>"; };
		0354B3E30FE5B554002B198C /* UIButtonBarInfo.png */ = {isa = PBXFileReference; lastKnownFileType = image.png; path = UIButtonBarInfo.png; sourceTree = "<group>"; };
		0354B3EC0FE5B5B3002B198C /* Default.png */ = {isa = PBXFileReference; lastKnownFileType = image.png; path = Default.png; sourceTree = "<group>"; };
		036C8B490F22819E00CCB286 /* TreeTVC.xib */ = {isa = PBXFileReference; lastKnownFileType = file.xib; path = TreeTVC.xib; sourceTree = "<group>"; };
		036C8B4C0F2281DC00CCB286 /* TreeTVC.h */ = {isa = PBXFileReference; fileEncoding = 4; lastKnownFileType = sourcecode.c.h; path = TreeTVC.h; sourceTree = "<group>"; };
		036C8B4D0F2281DC00CCB286 /* TreeTVC.m */ = {isa = PBXFileReference; fileEncoding = 4; lastKnownFileType = sourcecode.c.objc; path = TreeTVC.m; sourceTree = "<group>"; };
		036C8B6F0F22830900CCB286 /* ClassCell.h */ = {isa = PBXFileReference; fileEncoding = 4; lastKnownFileType = sourcecode.c.h; path = ClassCell.h; sourceTree = "<group>"; };
		036C8B700F22830900CCB286 /* ClassCell.m */ = {isa = PBXFileReference; fileEncoding = 4; lastKnownFileType = sourcecode.c.objc; path = ClassCell.m; sourceTree = "<group>"; };
		036C8B8C0F22838D00CCB286 /* ClassCell.xib */ = {isa = PBXFileReference; lastKnownFileType = file.xib; path = ClassCell.xib; sourceTree = "<group>"; };
		036C8BC20F22870D00CCB286 /* Icon.png */ = {isa = PBXFileReference; lastKnownFileType = image.png; path = Icon.png; sourceTree = "<group>"; };
		036C8BC30F22870D00CCB286 /* header.png */ = {isa = PBXFileReference; lastKnownFileType = image.png; path = header.png; sourceTree = "<group>"; };
		036C8BC40F22870D00CCB286 /* framework.png */ = {isa = PBXFileReference; lastKnownFileType = image.png; path = framework.png; sourceTree = "<group>"; };
		036C8BCF0F2287CB00CCB286 /* ClassDisplayVC.h */ = {isa = PBXFileReference; fileEncoding = 4; lastKnownFileType = sourcecode.c.h; name = ClassDisplayVC.h; path = ../ClassDisplayVC.h; sourceTree = "<group>"; };
		036C8BD00F2287CB00CCB286 /* ClassDisplayVC.m */ = {isa = PBXFileReference; fileEncoding = 4; lastKnownFileType = sourcecode.c.objc; name = ClassDisplayVC.m; path = ../ClassDisplayVC.m; sourceTree = "<group>"; };
		036C8BD90F22887C00CCB286 /* ClassDisplayVC.xib */ = {isa = PBXFileReference; lastKnownFileType = file.xib; path = ClassDisplayVC.xib; sourceTree = "<group>"; };
		036C8DEF0F22B9DA00CCB286 /* ListTVC.h */ = {isa = PBXFileReference; fileEncoding = 4; lastKnownFileType = sourcecode.c.h; path = ListTVC.h; sourceTree = "<group>"; };
		036C8DF00F22B9DA00CCB286 /* ListTVC.m */ = {isa = PBXFileReference; fileEncoding = 4; lastKnownFileType = sourcecode.c.objc; path = ListTVC.m; sourceTree = "<group>"; };
		036C8E760F22BDD200CCB286 /* FrameworksTVC.h */ = {isa = PBXFileReference; fileEncoding = 4; lastKnownFileType = sourcecode.c.h; path = FrameworksTVC.h; sourceTree = "<group>"; };
		036C8E770F22BDD200CCB286 /* FrameworksTVC.m */ = {isa = PBXFileReference; fileEncoding = 4; lastKnownFileType = sourcecode.c.objc; path = FrameworksTVC.m; sourceTree = "<group>"; };
		036C8E790F22BDD800CCB286 /* FrameworkCell.xib */ = {isa = PBXFileReference; lastKnownFileType = file.xib; path = FrameworkCell.xib; sourceTree = "<group>"; };
		036C8E7F0F22BE4500CCB286 /* FrameworkCell.h */ = {isa = PBXFileReference; fileEncoding = 4; lastKnownFileType = sourcecode.c.h; path = FrameworkCell.h; sourceTree = "<group>"; };
		036C8E800F22BE4500CCB286 /* FrameworkCell.m */ = {isa = PBXFileReference; fileEncoding = 4; lastKnownFileType = sourcecode.c.objc; path = FrameworkCell.m; sourceTree = "<group>"; };
		036C8F310F22C84000CCB286 /* SearchVC.h */ = {isa = PBXFileReference; fileEncoding = 4; lastKnownFileType = sourcecode.c.h; path = SearchVC.h; sourceTree = "<group>"; };
		036C8F320F22C84000CCB286 /* SearchVC.m */ = {isa = PBXFileReference; fileEncoding = 4; lastKnownFileType = sourcecode.c.objc; path = SearchVC.m; sourceTree = "<group>"; };
		036C8F350F22C88200CCB286 /* SearchVC.xib */ = {isa = PBXFileReference; lastKnownFileType = file.xib; path = SearchVC.xib; sourceTree = "<group>"; };
		03700EC90F23B03C0039D800 /* CFNetwork.framework */ = {isa = PBXFileReference; lastKnownFileType = wrapper.framework; name = CFNetwork.framework; path = System/Library/Frameworks/CFNetwork.framework; sourceTree = SDKROOT; };
		0370101D0F23C6100039D800 /* MyIP.h */ = {isa = PBXFileReference; fileEncoding = 4; lastKnownFileType = sourcecode.c.h; path = MyIP.h; sourceTree = "<group>"; };
		0370101E0F23C6100039D800 /* MyIP.m */ = {isa = PBXFileReference; fileEncoding = 4; lastKnownFileType = sourcecode.c.objc; path = MyIP.m; sourceTree = "<group>"; };
		037EDAD71307101800298C79 /* ClassStub.h */ = {isa = PBXFileReference; fileEncoding = 4; lastKnownFileType = sourcecode.c.h; path = ClassStub.h; sourceTree = "<group>"; };
		037EDAD81307101800298C79 /* ClassStub.m */ = {isa = PBXFileReference; fileEncoding = 4; lastKnownFileType = sourcecode.c.objc; path = ClassStub.m; sourceTree = "<group>"; };
		0385F3400F2D2889007AA4D4 /* revision.txt */ = {isa = PBXFileReference; fileEncoding = 4; lastKnownFileType = text; path = revision.txt; sourceTree = "<group>"; };
		0398E0940F24FCE200414B70 /* Settings.bundle */ = {isa = PBXFileReference; lastKnownFileType = "wrapper.plug-in"; path = Settings.bundle; sourceTree = "<group>"; };
		03A07A420FE581FB0083E948 /* tab_hand.png */ = {isa = PBXFileReference; lastKnownFileType = image.png; path = tab_hand.png; sourceTree = "<group>"; };
		03A07A8F0FE58FC00083E948 /* MethodCell.xib */ = {isa = PBXFileReference; lastKnownFileType = file.xib; path = MethodCell.xib; sourceTree = "<group>"; };
		03A07A980FE58FFB0083E948 /* MethodCell.m */ = {isa = PBXFileReference; fileEncoding = 4; lastKnownFileType = sourcecode.c.objc; path = MethodCell.m; sourceTree = "<group>"; };
		03A07A990FE58FFB0083E948 /* MethodCell.h */ = {isa = PBXFileReference; fileEncoding = 4; lastKnownFileType = sourcecode.c.h; path = MethodCell.h; sourceTree = "<group>"; };
		03F4299D132A9E3500F1B592 /* DDData.h */ = {isa = PBXFileReference; fileEncoding = 4; lastKnownFileType = sourcecode.c.h; name = DDData.h; path = CocoaHTTPServer/DDData.h; sourceTree = "<group>"; };
		03F4299E132A9E3500F1B592 /* DDData.m */ = {isa = PBXFileReference; fileEncoding = 4; lastKnownFileType = sourcecode.c.objc; name = DDData.m; path = CocoaHTTPServer/DDData.m; sourceTree = "<group>"; };
		03F4299F132A9E3500F1B592 /* DDNumber.h */ = {isa = PBXFileReference; fileEncoding = 4; lastKnownFileType = sourcecode.c.h; name = DDNumber.h; path = CocoaHTTPServer/DDNumber.h; sourceTree = "<group>"; };
		03F429A0132A9E3500F1B592 /* DDNumber.m */ = {isa = PBXFileReference; fileEncoding = 4; lastKnownFileType = sourcecode.c.objc; name = DDNumber.m; path = CocoaHTTPServer/DDNumber.m; sourceTree = "<group>"; };
		03F429A1132A9E3500F1B592 /* DDRange.h */ = {isa = PBXFileReference; fileEncoding = 4; lastKnownFileType = sourcecode.c.h; name = DDRange.h; path = CocoaHTTPServer/DDRange.h; sourceTree = "<group>"; };
		03F429A2132A9E3500F1B592 /* DDRange.m */ = {isa = PBXFileReference; fileEncoding = 4; lastKnownFileType = sourcecode.c.objc; name = DDRange.m; path = CocoaHTTPServer/DDRange.m; sourceTree = "<group>"; };
		03F429A3132A9E3500F1B592 /* HTTPAsyncFileResponse.h */ = {isa = PBXFileReference; fileEncoding = 4; lastKnownFileType = sourcecode.c.h; name = HTTPAsyncFileResponse.h; path = CocoaHTTPServer/HTTPAsyncFileResponse.h; sourceTree = "<group>"; };
		03F429A4132A9E3500F1B592 /* HTTPAsyncFileResponse.m */ = {isa = PBXFileReference; fileEncoding = 4; lastKnownFileType = sourcecode.c.objc; name = HTTPAsyncFileResponse.m; path = CocoaHTTPServer/HTTPAsyncFileResponse.m; sourceTree = "<group>"; };
		03F429A5132A9E3500F1B592 /* HTTPAuthenticationRequest.h */ = {isa = PBXFileReference; fileEncoding = 4; lastKnownFileType = sourcecode.c.h; name = HTTPAuthenticationRequest.h; path = CocoaHTTPServer/HTTPAuthenticationRequest.h; sourceTree = "<group>"; };
		03F429A6132A9E3500F1B592 /* HTTPAuthenticationRequest.m */ = {isa = PBXFileReference; fileEncoding = 4; lastKnownFileType = sourcecode.c.objc; name = HTTPAuthenticationRequest.m; path = CocoaHTTPServer/HTTPAuthenticationRequest.m; sourceTree = "<group>"; };
		03F429A7132A9E3500F1B592 /* HTTPConnection.h */ = {isa = PBXFileReference; fileEncoding = 4; lastKnownFileType = sourcecode.c.h; name = HTTPConnection.h; path = CocoaHTTPServer/HTTPConnection.h; sourceTree = "<group>"; };
		03F429A8132A9E3500F1B592 /* HTTPConnection.m */ = {isa = PBXFileReference; fileEncoding = 4; lastKnownFileType = sourcecode.c.objc; name = HTTPConnection.m; path = CocoaHTTPServer/HTTPConnection.m; sourceTree = "<group>"; };
		03F429A9132A9E3500F1B592 /* HTTPDataResponse.h */ = {isa = PBXFileReference; fileEncoding = 4; lastKnownFileType = sourcecode.c.h; name = HTTPDataResponse.h; path = CocoaHTTPServer/HTTPDataResponse.h; sourceTree = "<group>"; };
		03F429AA132A9E3500F1B592 /* HTTPDataResponse.m */ = {isa = PBXFileReference; fileEncoding = 4; lastKnownFileType = sourcecode.c.objc; name = HTTPDataResponse.m; path = CocoaHTTPServer/HTTPDataResponse.m; sourceTree = "<group>"; };
		03F429AB132A9E3500F1B592 /* HTTPDynamicFileResponse.h */ = {isa = PBXFileReference; fileEncoding = 4; lastKnownFileType = sourcecode.c.h; name = HTTPDynamicFileResponse.h; path = CocoaHTTPServer/HTTPDynamicFileResponse.h; sourceTree = "<group>"; };
		03F429AC132A9E3500F1B592 /* HTTPDynamicFileResponse.m */ = {isa = PBXFileReference; fileEncoding = 4; lastKnownFileType = sourcecode.c.objc; name = HTTPDynamicFileResponse.m; path = CocoaHTTPServer/HTTPDynamicFileResponse.m; sourceTree = "<group>"; };
		03F429AD132A9E3500F1B592 /* HTTPFileResponse.h */ = {isa = PBXFileReference; fileEncoding = 4; lastKnownFileType = sourcecode.c.h; name = HTTPFileResponse.h; path = CocoaHTTPServer/HTTPFileResponse.h; sourceTree = "<group>"; };
		03F429AE132A9E3500F1B592 /* HTTPFileResponse.m */ = {isa = PBXFileReference; fileEncoding = 4; lastKnownFileType = sourcecode.c.objc; name = HTTPFileResponse.m; path = CocoaHTTPServer/HTTPFileResponse.m; sourceTree = "<group>"; };
		03F429AF132A9E3500F1B592 /* HTTPLogging.h */ = {isa = PBXFileReference; fileEncoding = 4; lastKnownFileType = sourcecode.c.h; name = HTTPLogging.h; path = CocoaHTTPServer/HTTPLogging.h; sourceTree = "<group>"; };
		03F429B0132A9E3500F1B592 /* HTTPMessage.h */ = {isa = PBXFileReference; fileEncoding = 4; lastKnownFileType = sourcecode.c.h; name = HTTPMessage.h; path = CocoaHTTPServer/HTTPMessage.h; sourceTree = "<group>"; };
		03F429B1132A9E3500F1B592 /* HTTPMessage.m */ = {isa = PBXFileReference; fileEncoding = 4; lastKnownFileType = sourcecode.c.objc; name = HTTPMessage.m; path = CocoaHTTPServer/HTTPMessage.m; sourceTree = "<group>"; };
		03F429B2132A9E3500F1B592 /* HTTPRedirectResponse.h */ = {isa = PBXFileReference; fileEncoding = 4; lastKnownFileType = sourcecode.c.h; name = HTTPRedirectResponse.h; path = CocoaHTTPServer/HTTPRedirectResponse.h; sourceTree = "<group>"; };
		03F429B3132A9E3500F1B592 /* HTTPRedirectResponse.m */ = {isa = PBXFileReference; fileEncoding = 4; lastKnownFileType = sourcecode.c.objc; name = HTTPRedirectResponse.m; path = CocoaHTTPServer/HTTPRedirectResponse.m; sourceTree = "<group>"; };
		03F429B4132A9E3500F1B592 /* HTTPResponse.h */ = {isa = PBXFileReference; fileEncoding = 4; lastKnownFileType = sourcecode.c.h; name = HTTPResponse.h; path = CocoaHTTPServer/HTTPResponse.h; sourceTree = "<group>"; };
		03F429B5132A9E3500F1B592 /* HTTPServer.h */ = {isa = PBXFileReference; fileEncoding = 4; lastKnownFileType = sourcecode.c.h; name = HTTPServer.h; path = CocoaHTTPServer/HTTPServer.h; sourceTree = "<group>"; };
		03F429B6132A9E3500F1B592 /* HTTPServer.m */ = {isa = PBXFileReference; fileEncoding = 4; lastKnownFileType = sourcecode.c.objc; name = HTTPServer.m; path = CocoaHTTPServer/HTTPServer.m; sourceTree = "<group>"; };
		03F429B7132A9E3500F1B592 /* LICENSE.txt */ = {isa = PBXFileReference; fileEncoding = 4; lastKnownFileType = text; name = LICENSE.txt; path = CocoaHTTPServer/LICENSE.txt; sourceTree = "<group>"; };
		03F429BA132A9E3500F1B592 /* About_1.txt */ = {isa = PBXFileReference; fileEncoding = 4; lastKnownFileType = text; path = About_1.txt; sourceTree = "<group>"; };
		03F429BB132A9E3500F1B592 /* GCDAsyncSocket.h */ = {isa = PBXFileReference; fileEncoding = 4; lastKnownFileType = sourcecode.c.h; path = GCDAsyncSocket.h; sourceTree = "<group>"; };
		03F429BC132A9E3500F1B592 /* GCDAsyncSocket.m */ = {isa = PBXFileReference; fileEncoding = 4; lastKnownFileType = sourcecode.c.objc; path = GCDAsyncSocket.m; sourceTree = "<group>"; };
		03F429BE132A9E3500F1B592 /* About_2.txt */ = {isa = PBXFileReference; fileEncoding = 4; lastKnownFileType = text; path = About_2.txt; sourceTree = "<group>"; };
		03F429BF132A9E3500F1B592 /* DDASLLogger.h */ = {isa = PBXFileReference; fileEncoding = 4; lastKnownFileType = sourcecode.c.h; path = DDASLLogger.h; sourceTree = "<group>"; };
		03F429C0132A9E3500F1B592 /* DDASLLogger.m */ = {isa = PBXFileReference; fileEncoding = 4; lastKnownFileType = sourcecode.c.objc; path = DDASLLogger.m; sourceTree = "<group>"; };
		03F429C1132A9E3500F1B592 /* DDFileLogger.h */ = {isa = PBXFileReference; fileEncoding = 4; lastKnownFileType = sourcecode.c.h; path = DDFileLogger.h; sourceTree = "<group>"; };
		03F429C2132A9E3500F1B592 /* DDFileLogger.m */ = {isa = PBXFileReference; fileEncoding = 4; lastKnownFileType = sourcecode.c.objc; path = DDFileLogger.m; sourceTree = "<group>"; };
		03F429C3132A9E3500F1B592 /* DDLog.h */ = {isa = PBXFileReference; fileEncoding = 4; lastKnownFileType = sourcecode.c.h; path = DDLog.h; sourceTree = "<group>"; };
		03F429C4132A9E3500F1B592 /* DDLog.m */ = {isa = PBXFileReference; fileEncoding = 4; lastKnownFileType = sourcecode.c.objc; path = DDLog.m; sourceTree = "<group>"; };
		03F429C5132A9E3500F1B592 /* DDTTYLogger.h */ = {isa = PBXFileReference; fileEncoding = 4; lastKnownFileType = sourcecode.c.h; path = DDTTYLogger.h; sourceTree = "<group>"; };
		03F429C6132A9E3500F1B592 /* DDTTYLogger.m */ = {isa = PBXFileReference; fileEncoding = 4; lastKnownFileType = sourcecode.c.objc; path = DDTTYLogger.m; sourceTree = "<group>"; };
		03F429C7132A9E3500F1B592 /* WebSocket.h */ = {isa = PBXFileReference; fileEncoding = 4; lastKnownFileType = sourcecode.c.h; name = WebSocket.h; path = CocoaHTTPServer/WebSocket.h; sourceTree = "<group>"; };
		03F429C8132A9E3500F1B592 /* WebSocket.m */ = {isa = PBXFileReference; fileEncoding = 4; lastKnownFileType = sourcecode.c.objc; name = WebSocket.m; path = CocoaHTTPServer/WebSocket.m; sourceTree = "<group>"; };
		03F42BDF132ACD3600F1B592 /* Icon@2x.png */ = {isa = PBXFileReference; lastKnownFileType = image.png; path = "Icon@2x.png"; sourceTree = "<group>"; };
		03F84C4E0F3531F1002DD1F1 /* Defaults.plist */ = {isa = PBXFileReference; fileEncoding = 4; lastKnownFileType = text.plist.xml; path = Defaults.plist; sourceTree = "<group>"; };
		1D30AB110D05D00D00671497 /* Foundation.framework */ = {isa = PBXFileReference; lastKnownFileType = wrapper.framework; name = Foundation.framework; path = System/Library/Frameworks/Foundation.framework; sourceTree = SDKROOT; };
		1D3623240D0F684500981E51 /* AppDelegate.h */ = {isa = PBXFileReference; fileEncoding = 4; lastKnownFileType = sourcecode.c.h; path = AppDelegate.h; sourceTree = "<group>"; };
		1D3623250D0F684500981E51 /* AppDelegate.m */ = {isa = PBXFileReference; fileEncoding = 4; lastKnownFileType = sourcecode.c.objc; path = AppDelegate.m; sourceTree = "<group>"; };
		1D6058910D05DD3D006BFB54 /* OCRuntime.app */ = {isa = PBXFileReference; explicitFileType = wrapper.application; includeInIndex = 0; path = OCRuntime.app; sourceTree = BUILT_PRODUCTS_DIR; };
		1DF5F4DF0D08C38300B7A737 /* UIKit.framework */ = {isa = PBXFileReference; lastKnownFileType = wrapper.framework; name = UIKit.framework; path = System/Library/Frameworks/UIKit.framework; sourceTree = SDKROOT; };
		288765070DF74369002DB57D /* CoreGraphics.framework */ = {isa = PBXFileReference; lastKnownFileType = wrapper.framework; name = CoreGraphics.framework; path = System/Library/Frameworks/CoreGraphics.framework; sourceTree = SDKROOT; };
		28A0AB4B0D9B1048005BE974 /* RuntimeBrowser_Prefix.pch */ = {isa = PBXFileReference; fileEncoding = 4; lastKnownFileType = sourcecode.c.h; path = RuntimeBrowser_Prefix.pch; sourceTree = "<group>"; };
		28AD73870D9D96C1002E5188 /* MainWindow.xib */ = {isa = PBXFileReference; lastKnownFileType = file.xib; path = MainWindow.xib; sourceTree = "<group>"; };
		29B97316FDCFA39411CA2CEA /* main.m */ = {isa = PBXFileReference; fileEncoding = 4; lastKnownFileType = sourcecode.c.objc; path = main.m; sourceTree = "<group>"; };
		8D1107310486CEB800E47090 /* Info.plist */ = {isa = PBXFileReference; fileEncoding = 4; lastKnownFileType = text.plist.xml; path = Info.plist; sourceTree = "<group>"; };
/* End PBXFileReference section */

/* Begin PBXFrameworksBuildPhase section */
		1D60588F0D05DD3D006BFB54 /* Frameworks */ = {
			isa = PBXFrameworksBuildPhase;
			buildActionMask = 2147483647;
			files = (
				1D60589F0D05DD5A006BFB54 /* Foundation.framework in Frameworks */,
				1DF5F4E00D08C38300B7A737 /* UIKit.framework in Frameworks */,
				288765080DF74369002DB57D /* CoreGraphics.framework in Frameworks */,
				03700ECA0F23B03C0039D800 /* CFNetwork.framework in Frameworks */,
			);
			runOnlyForDeploymentPostprocessing = 0;
		};
/* End PBXFrameworksBuildPhase section */

/* Begin PBXGroup section */
		030F14F712DEE5C1000180B1 /* model */ = {
			isa = PBXGroup;
			children = (
				030706D6130FCAE9009E6B08 /* AllClasses.h */,
				030706D7130FCAE9009E6B08 /* AllClasses.m */,
				037EDAD71307101800298C79 /* ClassStub.h */,
				037EDAD81307101800298C79 /* ClassStub.m */,
				0338788D13070993003AF5CE /* ClassDisplay.h */,
				0338788E13070993003AF5CE /* ClassDisplay.m */,
			);
			name = model;
			path = ../model;
			sourceTree = SOURCE_ROOT;
		};
		0370115E0F23D17E0039D800 /* CocoaHTTPServer */ = {
			isa = PBXGroup;
			children = (
				03F4299D132A9E3500F1B592 /* DDData.h */,
				03F4299E132A9E3500F1B592 /* DDData.m */,
				03F4299F132A9E3500F1B592 /* DDNumber.h */,
				03F429A0132A9E3500F1B592 /* DDNumber.m */,
				03F429A1132A9E3500F1B592 /* DDRange.h */,
				03F429A2132A9E3500F1B592 /* DDRange.m */,
				03F429A3132A9E3500F1B592 /* HTTPAsyncFileResponse.h */,
				03F429A4132A9E3500F1B592 /* HTTPAsyncFileResponse.m */,
				03F429A5132A9E3500F1B592 /* HTTPAuthenticationRequest.h */,
				03F429A6132A9E3500F1B592 /* HTTPAuthenticationRequest.m */,
				03F429A7132A9E3500F1B592 /* HTTPConnection.h */,
				03F429A8132A9E3500F1B592 /* HTTPConnection.m */,
				03F429A9132A9E3500F1B592 /* HTTPDataResponse.h */,
				03F429AA132A9E3500F1B592 /* HTTPDataResponse.m */,
				03F429AB132A9E3500F1B592 /* HTTPDynamicFileResponse.h */,
				03F429AC132A9E3500F1B592 /* HTTPDynamicFileResponse.m */,
				03F429AD132A9E3500F1B592 /* HTTPFileResponse.h */,
				03F429AE132A9E3500F1B592 /* HTTPFileResponse.m */,
				03F429AF132A9E3500F1B592 /* HTTPLogging.h */,
				03F429B0132A9E3500F1B592 /* HTTPMessage.h */,
				03F429B1132A9E3500F1B592 /* HTTPMessage.m */,
				03F429B2132A9E3500F1B592 /* HTTPRedirectResponse.h */,
				03F429B3132A9E3500F1B592 /* HTTPRedirectResponse.m */,
				03F429B4132A9E3500F1B592 /* HTTPResponse.h */,
				03F429B5132A9E3500F1B592 /* HTTPServer.h */,
				03F429B6132A9E3500F1B592 /* HTTPServer.m */,
				03F429B7132A9E3500F1B592 /* LICENSE.txt */,
				03F429B8132A9E3500F1B592 /* Vendor */,
				03F429C7132A9E3500F1B592 /* WebSocket.h */,
				03F429C8132A9E3500F1B592 /* WebSocket.m */,
			);
			name = CocoaHTTPServer;
			sourceTree = "<group>";
		};
		03F429B8132A9E3500F1B592 /* Vendor */ = {
			isa = PBXGroup;
			children = (
				03F429B9132A9E3500F1B592 /* CocoaAsyncSocket */,
				03F429BD132A9E3500F1B592 /* CocoaLumberjack */,
			);
			name = Vendor;
			path = CocoaHTTPServer/Vendor;
			sourceTree = "<group>";
		};
		03F429B9132A9E3500F1B592 /* CocoaAsyncSocket */ = {
			isa = PBXGroup;
			children = (
				03F429BA132A9E3500F1B592 /* About_1.txt */,
				03F429BB132A9E3500F1B592 /* GCDAsyncSocket.h */,
				03F429BC132A9E3500F1B592 /* GCDAsyncSocket.m */,
			);
			path = CocoaAsyncSocket;
			sourceTree = "<group>";
		};
		03F429BD132A9E3500F1B592 /* CocoaLumberjack */ = {
			isa = PBXGroup;
			children = (
				03F429BE132A9E3500F1B592 /* About_2.txt */,
				03F429BF132A9E3500F1B592 /* DDASLLogger.h */,
				03F429C0132A9E3500F1B592 /* DDASLLogger.m */,
				03F429C1132A9E3500F1B592 /* DDFileLogger.h */,
				03F429C2132A9E3500F1B592 /* DDFileLogger.m */,
				03F429C3132A9E3500F1B592 /* DDLog.h */,
				03F429C4132A9E3500F1B592 /* DDLog.m */,
				03F429C5132A9E3500F1B592 /* DDTTYLogger.h */,
				03F429C6132A9E3500F1B592 /* DDTTYLogger.m */,
			);
			path = CocoaLumberjack;
			sourceTree = "<group>";
		};
		080E96DDFE201D6D7F000001 /* Classes */ = {
			isa = PBXGroup;
			children = (
				033C90410FE1B88F004DC8C7 /* ObjectsTVC.h */,
				033C90420FE1B88F004DC8C7 /* ObjectsTVC.m */,
				036C8BCF0F2287CB00CCB286 /* ClassDisplayVC.h */,
				036C8BD00F2287CB00CCB286 /* ClassDisplayVC.m */,
				036C8B6F0F22830900CCB286 /* ClassCell.h */,
				036C8B700F22830900CCB286 /* ClassCell.m */,
				03A07A990FE58FFB0083E948 /* MethodCell.h */,
				03A07A980FE58FFB0083E948 /* MethodCell.m */,
				036C8E7F0F22BE4500CCB286 /* FrameworkCell.h */,
				036C8E800F22BE4500CCB286 /* FrameworkCell.m */,
				036C8B4C0F2281DC00CCB286 /* TreeTVC.h */,
				036C8B4D0F2281DC00CCB286 /* TreeTVC.m */,
				036C8DEF0F22B9DA00CCB286 /* ListTVC.h */,
				036C8DF00F22B9DA00CCB286 /* ListTVC.m */,
				036C8E760F22BDD200CCB286 /* FrameworksTVC.h */,
				036C8E770F22BDD200CCB286 /* FrameworksTVC.m */,
				1D3623240D0F684500981E51 /* AppDelegate.h */,
				1D3623250D0F684500981E51 /* AppDelegate.m */,
				036C8F310F22C84000CCB286 /* SearchVC.h */,
				036C8F320F22C84000CCB286 /* SearchVC.m */,
				0302508D0F2D1ABA00C93986 /* InfoVC.h */,
				0302508E0F2D1ABA00C93986 /* InfoVC.m */,
			);
			path = Classes;
			sourceTree = "<group>";
		};
		19C28FACFE9D520D11CA2CBB /* Products */ = {
			isa = PBXGroup;
			children = (
				1D6058910D05DD3D006BFB54 /* OCRuntime.app */,
			);
			name = Products;
			sourceTree = "<group>";
		};
		29B97314FDCFA39411CA2CEA /* RuntimeBrowser */ = {
			isa = PBXGroup;
			children = (
				0370101D0F23C6100039D800 /* MyIP.h */,
				0370101E0F23C6100039D800 /* MyIP.m */,
				0370115E0F23D17E0039D800 /* CocoaHTTPServer */,
				080E96DDFE201D6D7F000001 /* Classes */,
				29B97315FDCFA39411CA2CEA /* Other Sources */,
				030F14F712DEE5C1000180B1 /* model */,
				29B97317FDCFA39411CA2CEA /* Resources */,
				29B97323FDCFA39411CA2CEA /* Frameworks */,
				19C28FACFE9D520D11CA2CBB /* Products */,
			);
			name = RuntimeBrowser;
			sourceTree = "<group>";
		};
		29B97315FDCFA39411CA2CEA /* Other Sources */ = {
			isa = PBXGroup;
			children = (
				28A0AB4B0D9B1048005BE974 /* RuntimeBrowser_Prefix.pch */,
				29B97316FDCFA39411CA2CEA /* main.m */,
			);
			name = "Other Sources";
			sourceTree = "<group>";
		};
		29B97317FDCFA39411CA2CEA /* Resources */ = {
			isa = PBXGroup;
			children = (
				0354B3E30FE5B554002B198C /* UIButtonBarInfo.png */,
				0385F3400F2D2889007AA4D4 /* revision.txt */,
				036C8B8C0F22838D00CCB286 /* ClassCell.xib */,
				03A07A8F0FE58FC00083E948 /* MethodCell.xib */,
				036C8E790F22BDD800CCB286 /* FrameworkCell.xib */,
				036C8BC20F22870D00CCB286 /* Icon.png */,
				03F42BDF132ACD3600F1B592 /* Icon@2x.png */,
				036C8BC30F22870D00CCB286 /* header.png */,
				036C8BC40F22870D00CCB286 /* framework.png */,
				28AD73870D9D96C1002E5188 /* MainWindow.xib */,
				036C8B490F22819E00CCB286 /* TreeTVC.xib */,
				036C8BD90F22887C00CCB286 /* ClassDisplayVC.xib */,
				036C8F350F22C88200CCB286 /* SearchVC.xib */,
				030250880F2D1A9200C93986 /* InfoVC.xib */,
				033C90A60FE1BB85004DC8C7 /* ObjectsTVC.xib */,
				8D1107310486CEB800E47090 /* Info.plist */,
				0353BBC90F22F1670058DAC8 /* tab_list.png */,
				0353BB890F22E8110058DAC8 /* tab_framework.png */,
				0353BBB80F22EEB20058DAC8 /* tab_tree.png */,
				030250810F2D1A4300C93986 /* tab_info.png */,
				03A07A420FE581FB0083E948 /* tab_hand.png */,
				0398E0940F24FCE200414B70 /* Settings.bundle */,
				03F84C4E0F3531F1002DD1F1 /* Defaults.plist */,
				0354B3EC0FE5B5B3002B198C /* Default.png */,
				0312C78013356AE900E99BA4 /* ListTVC.xib */,
			);
			name = Resources;
			sourceTree = "<group>";
		};
		29B97323FDCFA39411CA2CEA /* Frameworks */ = {
			isa = PBXGroup;
			children = (
				03700EC90F23B03C0039D800 /* CFNetwork.framework */,
				1DF5F4DF0D08C38300B7A737 /* UIKit.framework */,
				1D30AB110D05D00D00671497 /* Foundation.framework */,
				288765070DF74369002DB57D /* CoreGraphics.framework */,
			);
			name = Frameworks;
			sourceTree = "<group>";
		};
/* End PBXGroup section */

/* Begin PBXNativeTarget section */
		1D6058900D05DD3D006BFB54 /* OCRuntime */ = {
			isa = PBXNativeTarget;
			buildConfigurationList = 1D6058960D05DD3E006BFB54 /* Build configuration list for PBXNativeTarget "OCRuntime" */;
			buildPhases = (
				030250DB0F2D1CF500C93986 /* Write svnrevision to revision.txt */,
				1D60588D0D05DD3D006BFB54 /* Resources */,
				1D60588E0D05DD3D006BFB54 /* Sources */,
				1D60588F0D05DD3D006BFB54 /* Frameworks */,
			);
			buildRules = (
			);
			dependencies = (
			);
			name = OCRuntime;
			productName = RuntimeBrowser;
			productReference = 1D6058910D05DD3D006BFB54 /* OCRuntime.app */;
			productType = "com.apple.product-type.application";
		};
/* End PBXNativeTarget section */

/* Begin PBXProject section */
		29B97313FDCFA39411CA2CEA /* Project object */ = {
			isa = PBXProject;
			attributes = {
				LastUpgradeCheck = 0420;
			};
			buildConfigurationList = C01FCF4E08A954540054247B /* Build configuration list for PBXProject "RuntimeBrowser" */;
			compatibilityVersion = "Xcode 3.2";
			developmentRegion = English;
			hasScannedForEncodings = 1;
			knownRegions = (
				English,
				Japanese,
				French,
				German,
			);
			mainGroup = 29B97314FDCFA39411CA2CEA /* RuntimeBrowser */;
			projectDirPath = "";
			projectRoot = "";
			targets = (
				1D6058900D05DD3D006BFB54 /* OCRuntime */,
			);
		};
/* End PBXProject section */

/* Begin PBXResourcesBuildPhase section */
		1D60588D0D05DD3D006BFB54 /* Resources */ = {
			isa = PBXResourcesBuildPhase;
			buildActionMask = 2147483647;
			files = (
				28AD73880D9D96C1002E5188 /* MainWindow.xib in Resources */,
				036C8B4A0F22819E00CCB286 /* TreeTVC.xib in Resources */,
				036C8B8D0F22838D00CCB286 /* ClassCell.xib in Resources */,
				036C8BC50F22870D00CCB286 /* Icon.png in Resources */,
				036C8BC60F22870D00CCB286 /* header.png in Resources */,
				036C8BC70F22870D00CCB286 /* framework.png in Resources */,
				036C8BDA0F22887C00CCB286 /* ClassDisplayVC.xib in Resources */,
				036C8E7A0F22BDD800CCB286 /* FrameworkCell.xib in Resources */,
				036C8F360F22C88200CCB286 /* SearchVC.xib in Resources */,
				0353BB8A0F22E8110058DAC8 /* tab_framework.png in Resources */,
				0353BBB90F22EEB20058DAC8 /* tab_tree.png in Resources */,
				0353BBCA0F22F1670058DAC8 /* tab_list.png in Resources */,
				0398E0950F24FCE200414B70 /* Settings.bundle in Resources */,
				030250820F2D1A4300C93986 /* tab_info.png in Resources */,
				030250890F2D1A9200C93986 /* InfoVC.xib in Resources */,
				0385F3410F2D2889007AA4D4 /* revision.txt in Resources */,
				03F84C4F0F3531F1002DD1F1 /* Defaults.plist in Resources */,
				033C90A70FE1BB85004DC8C7 /* ObjectsTVC.xib in Resources */,
				03A07A430FE581FB0083E948 /* tab_hand.png in Resources */,
				03A07A900FE58FC00083E948 /* MethodCell.xib in Resources */,
				0354B3E40FE5B554002B198C /* UIButtonBarInfo.png in Resources */,
				0354B3ED0FE5B5B3002B198C /* Default.png in Resources */,
				03F429D7132A9E3500F1B592 /* LICENSE.txt in Resources */,
				03F429D8132A9E3500F1B592 /* About_1.txt in Resources */,
				03F429DA132A9E3500F1B592 /* About_2.txt in Resources */,
				03F42BE0132ACD3600F1B592 /* Icon@2x.png in Resources */,
				0312C78113356AE900E99BA4 /* ListTVC.xib in Resources */,
			);
			runOnlyForDeploymentPostprocessing = 0;
		};
/* End PBXResourcesBuildPhase section */

/* Begin PBXShellScriptBuildPhase section */
		030250DB0F2D1CF500C93986 /* Write svnrevision to revision.txt */ = {
			isa = PBXShellScriptBuildPhase;
			buildActionMask = 2147483647;
			files = (
			);
			inputPaths = (
				"$(SRCROOT)/.svn/entries",
			);
			name = "Write svnrevision to revision.txt";
			outputPaths = (
			);
			runOnlyForDeploymentPostprocessing = 0;
			shellPath = /bin/sh;
			shellScript = "export PATH=/opt/local/bin:/usr/local/bin:/sw/bin/:$PATH\n\necho `svnversion` > $SRCROOT/revision.txt\n";
			showEnvVarsInLog = 0;
		};
/* End PBXShellScriptBuildPhase section */

/* Begin PBXSourcesBuildPhase section */
		1D60588E0D05DD3D006BFB54 /* Sources */ = {
			isa = PBXSourcesBuildPhase;
			buildActionMask = 2147483647;
			files = (
				1D60589B0D05DD56006BFB54 /* main.m in Sources */,
				1D3623260D0F684500981E51 /* AppDelegate.m in Sources */,
				036C8B4E0F2281DC00CCB286 /* TreeTVC.m in Sources */,
				036C8B710F22830900CCB286 /* ClassCell.m in Sources */,
				036C8BD10F2287CB00CCB286 /* ClassDisplayVC.m in Sources */,
				036C8DF10F22B9DA00CCB286 /* ListTVC.m in Sources */,
				036C8E780F22BDD200CCB286 /* FrameworksTVC.m in Sources */,
				036C8E810F22BE4500CCB286 /* FrameworkCell.m in Sources */,
				036C8F330F22C84000CCB286 /* SearchVC.m in Sources */,
				0370101F0F23C6100039D800 /* MyIP.m in Sources */,
				0302508F0F2D1ABA00C93986 /* InfoVC.m in Sources */,
				033C90430FE1B88F004DC8C7 /* ObjectsTVC.m in Sources */,
				03A07A9A0FE58FFB0083E948 /* MethodCell.m in Sources */,
				0338788F13070993003AF5CE /* ClassDisplay.m in Sources */,
				037EDAD91307101800298C79 /* ClassStub.m in Sources */,
				030706D8130FCAE9009E6B08 /* AllClasses.m in Sources */,
				03F429CB132A9E3500F1B592 /* DDData.m in Sources */,
				03F429CC132A9E3500F1B592 /* DDNumber.m in Sources */,
				03F429CD132A9E3500F1B592 /* DDRange.m in Sources */,
				03F429CE132A9E3500F1B592 /* HTTPAsyncFileResponse.m in Sources */,
				03F429CF132A9E3500F1B592 /* HTTPAuthenticationRequest.m in Sources */,
				03F429D0132A9E3500F1B592 /* HTTPConnection.m in Sources */,
				03F429D1132A9E3500F1B592 /* HTTPDataResponse.m in Sources */,
				03F429D2132A9E3500F1B592 /* HTTPDynamicFileResponse.m in Sources */,
				03F429D3132A9E3500F1B592 /* HTTPFileResponse.m in Sources */,
				03F429D4132A9E3500F1B592 /* HTTPMessage.m in Sources */,
				03F429D5132A9E3500F1B592 /* HTTPRedirectResponse.m in Sources */,
				03F429D6132A9E3500F1B592 /* HTTPServer.m in Sources */,
				03F429D9132A9E3500F1B592 /* GCDAsyncSocket.m in Sources */,
				03F429DB132A9E3500F1B592 /* DDASLLogger.m in Sources */,
				03F429DC132A9E3500F1B592 /* DDFileLogger.m in Sources */,
				03F429DD132A9E3500F1B592 /* DDLog.m in Sources */,
				03F429DE132A9E3500F1B592 /* DDTTYLogger.m in Sources */,
				03F429DF132A9E3500F1B592 /* WebSocket.m in Sources */,
			);
			runOnlyForDeploymentPostprocessing = 0;
		};
/* End PBXSourcesBuildPhase section */

/* Begin XCBuildConfiguration section */
		1D6058940D05DD3E006BFB54 /* Debug */ = {
			isa = XCBuildConfiguration;
			buildSettings = {
				ALWAYS_SEARCH_USER_PATHS = NO;
				CODE_SIGN_IDENTITY = "iPhone Developer";
				COPY_PHASE_STRIP = NO;
				GCC_DYNAMIC_NO_PIC = NO;
				GCC_OPTIMIZATION_LEVEL = 0;
				GCC_PRECOMPILE_PREFIX_HEADER = YES;
				GCC_PREFIX_HEADER = RuntimeBrowser_Prefix.pch;
				INFOPLIST_FILE = Info.plist;
				PRODUCT_NAME = OCRuntime;
				PROVISIONING_PROFILE = "";
			};
			name = Debug;
		};
		1D6058950D05DD3E006BFB54 /* Release */ = {
			isa = XCBuildConfiguration;
			buildSettings = {
				ALWAYS_SEARCH_USER_PATHS = NO;
				COPY_PHASE_STRIP = YES;
				GCC_PRECOMPILE_PREFIX_HEADER = YES;
				GCC_PREFIX_HEADER = RuntimeBrowser_Prefix.pch;
				INFOPLIST_FILE = Info.plist;
				PRODUCT_NAME = OCRuntime;
			};
			name = Release;
		};
		C01FCF4F08A954540054247B /* Debug */ = {
			isa = XCBuildConfiguration;
			buildSettings = {
				ARCHS = "$(ARCHS_STANDARD_32_BIT)";
				CODE_SIGN_IDENTITY = "iPhone Developer";
				GCC_C_LANGUAGE_STANDARD = c99;
				GCC_WARN_ABOUT_RETURN_TYPE = YES;
				GCC_WARN_UNUSED_VARIABLE = YES;
				ONLY_ACTIVE_ARCH = YES;
				PROVISIONING_PROFILE = "";
				SDKROOT = iphoneos;
			};
			name = Debug;
		};
		C01FCF5008A954540054247B /* Release */ = {
			isa = XCBuildConfiguration;
			buildSettings = {
				ARCHS = "$(ARCHS_STANDARD_32_BIT)";
				CODE_SIGN_IDENTITY = "iPhone Developer";
				GCC_C_LANGUAGE_STANDARD = c99;
				GCC_WARN_ABOUT_RETURN_TYPE = YES;
				GCC_WARN_UNUSED_VARIABLE = YES;
				PROVISIONING_PROFILE = "";
				SDKROOT = iphoneos;
			};
			name = Release;
		};
/* End XCBuildConfiguration section */

/* Begin XCConfigurationList section */
		1D6058960D05DD3E006BFB54 /* Build configuration list for PBXNativeTarget "OCRuntime" */ = {
			isa = XCConfigurationList;
			buildConfigurations = (
				1D6058940D05DD3E006BFB54 /* Debug */,
				1D6058950D05DD3E006BFB54 /* Release */,
			);
			defaultConfigurationIsVisible = 0;
			defaultConfigurationName = Debug;
		};
		C01FCF4E08A954540054247B /* Build configuration list for PBXProject "RuntimeBrowser" */ = {
			isa = XCConfigurationList;
			buildConfigurations = (
				C01FCF4F08A954540054247B /* Debug */,
				C01FCF5008A954540054247B /* Release */,
			);
			defaultConfigurationIsVisible = 0;
			defaultConfigurationName = Debug;
		};
/* End XCConfigurationList section */
	};
	rootObject = 29B97313FDCFA39411CA2CEA /* Project object */;
}
